version = 1
revision = 3
requires-python = ">=3.14"

[[package]]
name = "obs-monitor"
version = "0.1.0"
source = { virtual = "." }
dependencies = [
    { name = "psycopg", extra = ["binary"] },
]

[package.metadata]
requires-dist = [{ name = "psycopg", extras = ["binary"], specifier = ">=3.2.3" }]

[[package]]
name = "psycopg"
version = "3.2.11"
source = { registry = "https://pypi.org/simple" }
dependencies = [
    { name = "tzdata", marker = "sys_platform == 'win32'" },
]
sdist = { url = "https://files.pythonhosted.org/packages/27/02/9fdfc018c026df2bcf9c11480c1014f9b90c6d801e5f929408cbfbf94cc0/psycopg-3.2.11.tar.gz", hash = "sha256:398bb484ed44361e041c8f804ed7af3d2fcefbffdace1d905b7446c319321706", size = 160644, upload-time = "2025-10-18T22:48:28.136Z" }
wheels = [
    { url = "https://files.pythonhosted.org/packages/aa/1b/96ee90ed0007d64936d9bd1bb3108d0af3cf762b4f11dbd73359f0687c3d/psycopg-3.2.11-py3-none-any.whl", hash = "sha256:217231b2b6b72fba88281b94241b2f16043ee67f81def47c52a01b72ff0c086a", size = 206766, upload-time = "2025-10-18T22:43:32.114Z" },
]

[package.optional-dependencies]
binary = [
    { name = "psycopg-binary", marker = "implementation_name != 'pypy'" },
]

[[package]]
name = "psycopg-binary"
version = "3.2.11"
source = { registry = "https://pypi.org/simple" }
wheels = [
    { url = "https://files.pythonhosted.org/packages/85/13/728b4763ef76a688737acebfcb5ab8696b024adc49a69c86081392b0e5ba/psycopg_binary-3.2.11-cp314-cp314-macosx_10_13_x86_64.whl", hash = "sha256:260738ae222b41dbefd0d84cb2e150a112f90b41688630f57fdac487ab6d6f38", size = 4016962, upload-time = "2025-10-18T22:46:29.207Z" },
    { url = "https://files.pythonhosted.org/packages/9f/0f/6180149621a907c5b60a2fae87d6ee10cc13e8c9f58d8250c310634ced04/psycopg_binary-3.2.11-cp314-cp314-macosx_11_0_arm64.whl", hash = "sha256:c594c199869099c59c85b9f4423370b6212491fb929e7fcda0da1768761a2c2c", size = 4090614, upload-time = "2025-10-18T22:46:33.073Z" },
    { url = "https://files.pythonhosted.org/packages/f8/97/cce19bdef510b698c9036d5573b941b539ffcaa7602450da559c8a62e0c3/psycopg_binary-3.2.11-cp314-cp314-manylinux2014_aarch64.manylinux_2_17_aarch64.whl", hash = "sha256:5768a9e7d393b2edd3a28de5a6d5850d054a016ed711f7044a9072f19f5e50d5", size = 4629749, upload-time = "2025-10-18T22:46:37.415Z" },
    { url = "https://files.pythonhosted.org/packages/93/9d/9bff18989fb2bf05d18c1431dd8bec4a1d90141beb11fc45d3269947ddf3/psycopg_binary-3.2.11-cp314-cp314-manylinux2014_ppc64le.manylinux_2_17_ppc64le.whl", hash = "sha256:27eb6367350b75fef882c40cd6f748bfd976db2f8651f7511956f11efc15154f", size = 4724035, upload-time = "2025-10-18T22:46:42.568Z" },
    { url = "https://files.pythonhosted.org/packages/08/e5/39b930323428596990367b7953197730213d3d9d07bcedcad1d026608178/psycopg_binary-3.2.11-cp314-cp314-manylinux2014_x86_64.manylinux_2_17_x86_64.whl", hash = "sha256:fa2aa5094dc962967ca0978c035b3ef90329b802501ef12a088d3bac6a55598e", size = 4411419, upload-time = "2025-10-18T22:46:47.745Z" },
    { url = "https://files.pythonhosted.org/packages/9a/9c/97c25438d1e51ddc6a7f67990b4c59f94bc515114ada864804ccee27ef1b/psycopg_binary-3.2.11-cp314-cp314-musllinux_1_2_aarch64.whl", hash = "sha256:7744b4ed1f3b76fe37de7e9ef98014482fe74b6d3dfe1026cc4cfb4b4404e74f", size = 3867844, upload-time = "2025-10-18T22:46:53.328Z" },
    { url = "https://files.pythonhosted.org/packages/91/51/8c1e291cf4aa9982666f71a886aa782d990aa16853a42de545a0a9a871ef/psycopg_binary-3.2.11-cp314-cp314-musllinux_1_2_ppc64le.whl", hash = "sha256:5f6f948ff1cd252003ff534d7b50a2b25453b4212b283a7514ff8751bdb68c37", size = 3541539, upload-time = "2025-10-18T22:46:58.993Z" },
    { url = "https://files.pythonhosted.org/packages/57/0a/e25edcdfa1111bfc5c95668b7469b5a957b40ce10cc81383688d65564826/psycopg_binary-3.2.11-cp314-cp314-musllinux_1_2_x86_64.whl", hash = "sha256:3bd2c8fb1dec6f93383fbaa561591fa3d676e079f9cb9889af17c3020a19715f", size = 3588090, upload-time = "2025-10-18T22:47:04.105Z" },
    { url = "https://files.pythonhosted.org/packages/a3/aa/f8c2f4b4c13d5680a20e5bfcd61f9e154bce26e7a2c70cb0abeade088d61/psycopg_binary-3.2.11-cp314-cp314-win_amd64.whl", hash = "sha256:c45f61202e5691090a697e599997eaffa3ec298209743caa4fd346145acabafe", size = 3006049, upload-time = "2025-10-18T22:47:07.923Z" },
]

[[package]]
name = "tzdata"
version = "2025.2"
source = { registry = "https://pypi.org/simple" }
sdist = { url = "https://files.pythonhosted.org/packages/95/32/1a225d6164441be760d75c2c42e2780dc0873fe382da3e98a2e1e48361e5/tzdata-2025.2.tar.gz", hash = "sha256:b60a638fcc0daffadf82fe0f57e53d06bdec2f36c4df66280ae79bce6bd6f2b9", size = 196380, upload-time = "2025-03-23T13:54:43.652Z" }
wheels = [
    { url = "https://files.pythonhosted.org/packages/5c/23/c7abc0ca0a1526a0774eca151daeb8de62ec457e77262b66b359c3c7679e/tzdata-2025.2-py2.py3-none-any.whl", hash = "sha256:1a403fada01ff9221ca8044d701868fa132215d84beb92242d9acd2147f667a8", size = 347839, upload-time = "2025-03-23T13:54:41.845Z" },
]
