version = 1
revision = 1
requires-python = ">=3.13"

[[package]]
name = "obs-monitor"
version = "0.1.0"
source = { virtual = "." }
dependencies = [
    { name = "psycopg", extra = ["binary"] },
]

[package.metadata]
requires-dist = [{ name = "psycopg", extras = ["binary"], specifier = ">=3.2.3" }]

[[package]]
name = "psycopg"
version = "3.2.5"
source = { registry = "https://pypi.org/simple" }
dependencies = [
    { name = "tzdata", marker = "sys_platform == 'win32'" },
]
sdist = { url = "https://files.pythonhosted.org/packages/0e/cf/dc1a4d45e3c6222fe272a245c5cea9a969a7157639da606ac7f2ab5de3a1/psycopg-3.2.5.tar.gz", hash = "sha256:f5f750611c67cb200e85b408882f29265c66d1de7f813add4f8125978bfd70e8", size = 156158 }
wheels = [
    { url = "https://files.pythonhosted.org/packages/18/f3/14a1370b1449ca875d5e353ef02cb9db6b70bd46ec361c236176837c0be1/psycopg-3.2.5-py3-none-any.whl", hash = "sha256:b782130983e5b3de30b4c529623d3687033b4dafa05bb661fc6bf45837ca5879", size = 198749 },
]

[package.optional-dependencies]
binary = [
    { name = "psycopg-binary", marker = "implementation_name != 'pypy'" },
]

[[package]]
name = "psycopg-binary"
version = "3.2.5"
source = { registry = "https://pypi.org/simple" }
wheels = [
    { url = "https://files.pythonhosted.org/packages/81/3d/26483d75e1a5daa93cbb47ee7cde96fac07a9b026058b036b00a04f5c012/psycopg_binary-3.2.5-cp313-cp313-macosx_10_13_x86_64.whl", hash = "sha256:2dbaf32c18c0d11c4480016b89c9c5cadb7b64c55de7f181d222b189bd13a558", size = 3852616 },
    { url = "https://files.pythonhosted.org/packages/90/cb/542bd0eab110ed2ddcc02cbe8f5df0afe3e86bd843c533fc6a795ffd7c0f/psycopg_binary-3.2.5-cp313-cp313-macosx_11_0_arm64.whl", hash = "sha256:ca5e36a3e7480a5c09aed99ecdb8e6554b21485c3b064297fe77f7b1b5806106", size = 3936563 },
    { url = "https://files.pythonhosted.org/packages/e1/43/2b347816983a5b0f1cc3e608eae4650422476187e047e574981081bcf9ec/psycopg_binary-3.2.5-cp313-cp313-manylinux_2_17_aarch64.manylinux2014_aarch64.whl", hash = "sha256:9abe093a303e25ac58774a11241150e2fe2947358d1ca12521ad03c90b131060", size = 4499166 },
    { url = "https://files.pythonhosted.org/packages/3f/0d/d7ac5289dfa1163b0fcce9aeb848a7f4499d7b3ef34f1de565d0ba9a51bd/psycopg_binary-3.2.5-cp313-cp313-manylinux_2_17_i686.manylinux2014_i686.whl", hash = "sha256:a91b0e096fdfeb52d86bb8f5ee25dc22483d6960af9b968e6b381a8ec5bfbf82", size = 4311647 },
    { url = "https://files.pythonhosted.org/packages/7b/a2/b238d91cbbc5953ff6910737b5a598cc4d5aad84453052005891cec329b3/psycopg_binary-3.2.5-cp313-cp313-manylinux_2_17_ppc64le.manylinux2014_ppc64le.whl", hash = "sha256:3eb71cfc35116e4a8e336b7e785f1fe06ca23b4516a48ea91facd577d1a1fdf6", size = 4547848 },
    { url = "https://files.pythonhosted.org/packages/d7/33/e78ae02d8f23753af2884303370b914a5d172f76fed13bfde380ec473f53/psycopg_binary-3.2.5-cp313-cp313-manylinux_2_17_x86_64.manylinux2014_x86_64.whl", hash = "sha256:98efaedf2bf79f4d563ca039a57a025b72847bd80568f54709cc39fc1404772c", size = 4261732 },
    { url = "https://files.pythonhosted.org/packages/44/9a/1745ff5c6e4c715aa71f3da3f393022ec0c7cc972fa0ee7296df8871d6d6/psycopg_binary-3.2.5-cp313-cp313-musllinux_1_2_aarch64.whl", hash = "sha256:ba4a610882171bdaae0779f14e0ff45f3ee271fd2dbf16cdadfc81bd67323232", size = 3850803 },
    { url = "https://files.pythonhosted.org/packages/7b/1c/933fb04560e7bcf5f24c632f9381e8700dcf8462adcd32eabd6192480d66/psycopg_binary-3.2.5-cp313-cp313-musllinux_1_2_i686.whl", hash = "sha256:1494827c43265820d5dcdc6f8086521bc7dd04b9da8831310978a788cdcd2e62", size = 3320315 },
    { url = "https://files.pythonhosted.org/packages/5d/36/111e2db9c3ff5123da4ce814aa9462d242a7c393f132a4005ec427e09903/psycopg_binary-3.2.5-cp313-cp313-musllinux_1_2_ppc64le.whl", hash = "sha256:7a94020821723a6a210206ddb458001f3ed27e1e6a0555b9422bebf7ead8ff37", size = 3403225 },
    { url = "https://files.pythonhosted.org/packages/90/04/246efe587463d13b015202ab344e12e8e30ea9ba90ca952def0469b95a9e/psycopg_binary-3.2.5-cp313-cp313-musllinux_1_2_x86_64.whl", hash = "sha256:659f2c675d478b1bc01b95a8d3ded74fa939b370e71ffbecd496f617b215eb05", size = 3440446 },
    { url = "https://files.pythonhosted.org/packages/92/75/5e15e7a6ad4c6a00fe1a28fe704310dc7f7b26dbd5e6e14c817e7899451b/psycopg_binary-3.2.5-cp313-cp313-win_amd64.whl", hash = "sha256:6b581da13126b8715c0c0585cd37ce934c9864d44b2a4019f5487c0b943275e6", size = 2783095 },
]

[[package]]
name = "tzdata"
version = "2025.1"
source = { registry = "https://pypi.org/simple" }
sdist = { url = "https://files.pythonhosted.org/packages/43/0f/fa4723f22942480be4ca9527bbde8d43f6c3f2fe8412f00e7f5f6746bc8b/tzdata-2025.1.tar.gz", hash = "sha256:24894909e88cdb28bd1636c6887801df64cb485bd593f2fd83ef29075a81d694", size = 194950 }
wheels = [
    { url = "https://files.pythonhosted.org/packages/0f/dd/84f10e23edd882c6f968c21c2434fe67bd4a528967067515feca9e611e5e/tzdata-2025.1-py2.py3-none-any.whl", hash = "sha256:7e127113816800496f027041c570f50bcd464a020098a3b6b199517772303639", size = 346762 },
]
