version = 1
revision = 3
requires-python = ">=3.14"

[[package]]
name = "obs-monitor"
version = "0.1.0"
source = { virtual = "." }
dependencies = [
    { name = "psycopg", extra = ["binary"] },
]

[package.metadata]
requires-dist = [{ name = "psycopg", extras = ["binary"], specifier = ">=3.2.3" }]

[[package]]
name = "psycopg"
version = "3.2.13"
source = { registry = "https://pypi.org/simple" }
dependencies = [
    { name = "tzdata", marker = "sys_platform == 'win32'" },
]
sdist = { url = "https://files.pythonhosted.org/packages/44/05/d4a05988f15fcf90e0088c735b1f2fc04a30b7fc65461d6ec278f5f2f17a/psycopg-3.2.13.tar.gz", hash = "sha256:309adaeda61d44556046ec9a83a93f42bbe5310120b1995f3af49ab6d9f13c1d", size = 160626, upload-time = "2025-11-21T22:34:32.328Z" }
wheels = [
    { url = "https://files.pythonhosted.org/packages/a9/14/f2724bd1986158a348316e86fdd0837a838b14a711df3f00e47fba597447/psycopg-3.2.13-py3-none-any.whl", hash = "sha256:a481374514f2da627157f767a9336705ebefe93ea7a0522a6cbacba165da179a", size = 206797, upload-time = "2025-11-21T22:29:39.733Z" },
]

[package.optional-dependencies]
binary = [
    { name = "psycopg-binary", marker = "implementation_name != 'pypy'" },
]

[[package]]
name = "psycopg-binary"
version = "3.2.13"
source = { registry = "https://pypi.org/simple" }
wheels = [
    { url = "https://files.pythonhosted.org/packages/d3/b4/7656b3d67bedff2b900c8c4671cb6eb5fb99c2fc36da33579cac89779c25/psycopg_binary-3.2.13-cp314-cp314-macosx_10_13_x86_64.whl", hash = "sha256:502a778c3e07c6b3aabfa56ee230e8c264d2debfab42d11535513a01bdfff0d6", size = 3997201, upload-time = "2025-11-21T22:32:28.185Z" },
    { url = "https://files.pythonhosted.org/packages/e0/2e/3b4afbd94d48df19c3931cedba464b109f89d81ac43178e6a3d654b4e8d5/psycopg_binary-3.2.13-cp314-cp314-macosx_11_0_arm64.whl", hash = "sha256:7561a71d764d6f74d66e8b7d844b0f27fa33de508f65c17b1d56a94c73644776", size = 4071631, upload-time = "2025-11-21T22:32:32.594Z" },
    { url = "https://files.pythonhosted.org/packages/5e/8b/107d06d55992e2f13157eb705ba5a47d06c4cf1bed077dff0c567b10c187/psycopg_binary-3.2.13-cp314-cp314-manylinux2014_aarch64.manylinux_2_17_aarch64.whl", hash = "sha256:9caf14745a1930b4e03fe4072cd7154eaf6e1241d20c42130ed784408a26b24b", size = 4620918, upload-time = "2025-11-21T22:32:37.357Z" },
    { url = "https://files.pythonhosted.org/packages/e1/47/a925620f261b115f31e813a5bfe640f316413b1864094a60162f4a6e4d67/psycopg_binary-3.2.13-cp314-cp314-manylinux2014_ppc64le.manylinux_2_17_ppc64le.whl", hash = "sha256:4a6cafabdc0bfa37e11c6f365020fd5916b62d6296df581f4dceaa43a2ce680c", size = 4714494, upload-time = "2025-11-21T22:32:42.138Z" },
    { url = "https://files.pythonhosted.org/packages/46/33/bed384665356bb9ba17dd8e104884d87cc2343d16dffdfd9aaa9a159bd4d/psycopg_binary-3.2.13-cp314-cp314-manylinux2014_x86_64.manylinux_2_17_x86_64.whl", hash = "sha256:c96cb5a27e68acac6d74b64fca38592a692de9c4b7827339190698d58027aa45", size = 4403046, upload-time = "2025-11-21T22:32:47.241Z" },
    { url = "https://files.pythonhosted.org/packages/41/88/749d8e8102fb5df502e2ecb053b79e78e3358af01af652b5dbeb96ab7905/psycopg_binary-3.2.13-cp314-cp314-musllinux_1_2_aarch64.whl", hash = "sha256:596176ae3dfbf56fc61108870bfe17c7205d33ac28d524909feb5335201daa0a", size = 3859046, upload-time = "2025-11-21T22:32:51.481Z" },
    { url = "https://files.pythonhosted.org/packages/38/7c/f492e63b517d6dcd564e8c43bc15e11a4c712a848adf8938ce33bfd4c867/psycopg_binary-3.2.13-cp314-cp314-musllinux_1_2_ppc64le.whl", hash = "sha256:cc3a0408435dfbb77eeca5e8050df4b19a6e9b7e5e5583edf524c4a83d6293b2", size = 3531351, upload-time = "2025-11-21T22:32:55.571Z" },
    { url = "https://files.pythonhosted.org/packages/07/5a/d8743eb23944e5cf2a0bbfa92935c140b5beaacdb872be641065ed70ab2c/psycopg_binary-3.2.13-cp314-cp314-musllinux_1_2_x86_64.whl", hash = "sha256:65df0d459ffba14082d8ca4bb2f6ffbb2f8d02968f7d34a747e1031934b76b23", size = 3581034, upload-time = "2025-11-21T22:33:01.648Z" },
    { url = "https://files.pythonhosted.org/packages/46/b2/411d4180252144f7eff024894d2d2ebb98c012c944a282fc20250870e461/psycopg_binary-3.2.13-cp314-cp314-win_amd64.whl", hash = "sha256:5c77f156c7316529ed371b5f95a51139e531328ee39c37493a2afcbc1f79d5de", size = 3000162, upload-time = "2025-11-21T22:33:07.378Z" },
]

[[package]]
name = "tzdata"
version = "2025.2"
source = { registry = "https://pypi.org/simple" }
sdist = { url = "https://files.pythonhosted.org/packages/95/32/1a225d6164441be760d75c2c42e2780dc0873fe382da3e98a2e1e48361e5/tzdata-2025.2.tar.gz", hash = "sha256:b60a638fcc0daffadf82fe0f57e53d06bdec2f36c4df66280ae79bce6bd6f2b9", size = 196380, upload-time = "2025-03-23T13:54:43.652Z" }
wheels = [
    { url = "https://files.pythonhosted.org/packages/5c/23/c7abc0ca0a1526a0774eca151daeb8de62ec457e77262b66b359c3c7679e/tzdata-2025.2-py2.py3-none-any.whl", hash = "sha256:1a403fada01ff9221ca8044d701868fa132215d84beb92242d9acd2147f667a8", size = 347839, upload-time = "2025-03-23T13:54:41.845Z" },
]
