{
    "_meta": {
        "hash": {
            "sha256": "2627134ccf4930393a7eec7a6442aafa5eb686b250f16a391b41ae84c5fd2cee"
        },
        "pipfile-spec": 6,
        "requires": {
            "python_version": "3.10"
        },
        "sources": [
            {
                "name": "pypi",
                "url": "https://pypi.org/simple",
                "verify_ssl": true
            }
        ]
    },
    "default": {
        "async-timeout": {
            "hashes": [
                "sha256:2163e1640ddb52b7a8c80d0a67a08587e5d245cc9c553a74a847056bc2976b15",
                "sha256:8ca1e4fcf50d07413d66d1a5e416e42cfdf5851c981d679a09851a6853383b3c"
            ],
            "markers": "python_version >= '3.6'",
            "version": "==4.0.2"
        },
        "bleak": {
            "hashes": [
                "sha256:5878871f7ba36ad49183e37e49856d3b165c012b4d3065fbeb477ddba26c3922",
                "sha256:d6c3d81a03ec92d19e504de7f92f903520dbae38b823433aadc85e9c43cbdab7"
            ],
            "index": "pypi",
            "version": "==0.18.1"
        },
        "certifi": {
            "hashes": [
                "sha256:0d9c601124e5a6ba9712dbc60d9c53c21e34f5f641fe83002317394311bdce14",
                "sha256:90c1a32f1d68f940488354e36370f6cca89f0f106db09518524c88d6ed83f382"
            ],
            "markers": "python_version >= '3.6'",
            "version": "==2022.9.24"
        },
        "charset-normalizer": {
            "hashes": [
                "sha256:5a3d016c7c547f69d6f81fb0db9449ce888b418b5b9952cc5e6e66843e9dd845",
                "sha256:83e9a75d1911279afd89352c68b45348559d1fc0506b054b346651b5e7fee29f"
            ],
            "markers": "python_full_version >= '3.6.0'",
            "version": "==2.1.1"
        },
        "dbus-fast": {
            "hashes": [
                "sha256:108a806d9f994497392fde393034f0c51d59cb1f05a6c83fdc30b8533802ec0d",
                "sha256:144548f196b4a860e4677365c3035635ece7c5ec109a60361375869f16a3f948",
                "sha256:24bcbc15d63fbfa465870d276d73586ff97d8e25902323801bed00dfc0554ec2",
                "sha256:355cd13f5b16e9dcdbd5ba5403a86905971b07e81bbd64c6d424b1c23bbef08c",
                "sha256:3b46ea0e87b24e3c5c295318c17956b9536ec3c1c713c63a4784e96dcd0785d6",
                "sha256:3c63f842ff21067d020881b56341809ac5f5072cab211a15c063b3d0209eb974",
                "sha256:40656e8ea8bac0a25db17e31e9f803d233c1e2b86264e127fe9b7f915c97bbe5",
                "sha256:4f8e7927a85017d472fbd8a362222d0fd7beb4e1e3c3a07ed4f1f49a4d04ff60",
                "sha256:5aa8b03b753915e55cd43b60dc82e0f5472e0cb573f9f08c6d6649804d88c5c1",
                "sha256:62e6c5279dbbf943a8f38ae9a6886f5caaac02521f5d56aaf98f7ee802194da3",
                "sha256:65c8c6220ce551261fdc08cc378f7102312f2656d6c0f4875946243d480fc534",
                "sha256:7901080c5ccdb33785419bfc61bd9d4abf1cabc20a2c1e5fbbdb9dda9630c62c",
                "sha256:7b820e47dccc0b8b4cafad10b1eaf7c514daa8faad1fc164ea18055bf21ac420",
                "sha256:7f4ee11984668c2e219a567ec9dfedee43ce8713d17676267bd30338f82fcc0d",
                "sha256:8703808cc3465cfb614c4be8a699ea93861f493282c5f5edcef23000c725a967",
                "sha256:8810e88da9e9b432fccb5c9d8a87c6b52a2bb1e03260f7465e39859fb45f8606",
                "sha256:8bfc8f4f28683e6b7745e324dc53ad6676ceda082d2e23034f3b407fd25e54f2",
                "sha256:94410b9bb69255ff98e01eaafcfa628e8823e1f7b886b7b7846ece3d0c25e843",
                "sha256:9803ca021992e5ba1a14bdaf5cdce131020d2e8360a57542d8f3ba23037846ee",
                "sha256:9d0d8ee0f9e68f09f7878b5ccc8461290331bbdab2e37c15e08222f3af5d38ad",
                "sha256:9e7b238c7eb62ad0ca26d7d98dcbab132d6d58a04fbcc5184688e0f465703016",
                "sha256:a9c662ac9d073f198ab3d5186d576eeedf8bfc89a2670f9004715242b932c7d6",
                "sha256:b9d7058d71880606da60ba866a1e1a86d5e5d3d94556cfbcaa2d6df7e833ba50",
                "sha256:bf6570cf25779c40d1396c6f598bdfa77a4c14b749c4912b0d7a793050428802",
                "sha256:cce325f575913bd5411d886497a29735eaec9a0d882b88dcd5d86dd74ece9a76",
                "sha256:d911afcf56300b793e98922fdf958a8392bc4f18014b16b44030d7b82526f904",
                "sha256:da175ffbcb836817034a3d4daab9444e965ba7fa0205238fba4449bd6d5611cd",
                "sha256:f742f12bc6ec7941fc4649c778983b4e16a9dc47b023f6de9193c222592dc5a3"
            ],
            "markers": "platform_system == 'Linux'",
            "version": "==1.28.1"
        },
        "idna": {
            "hashes": [
                "sha256:814f528e8dead7d329833b91c5faa87d60bf71824cd12a7530b5526063d02cb4",
                "sha256:90b77e79eaa3eba6de819a0c442c0b4ceefc341a7a2ab77d7562bf49f425c5c2"
            ],
            "markers": "python_version >= '3.5'",
            "version": "==3.4"
        },
        "ptyprocess": {
            "hashes": [
                "sha256:4b41f3967fce3af57cc7e94b888626c18bf37a083e3651ca8feeb66d492fef35",
                "sha256:5c5d0a3b48ceee0b48485e0c26037c0acd7d29765ca3fbb5cb3831d347423220"
            ],
            "version": "==0.7.0"
        },
        "pyserial": {
            "hashes": [
                "sha256:3c77e014170dfffbd816e6ffc205e9842efb10be9f58ec16d3e8675b4925cddb",
                "sha256:c4451db6ba391ca6ca299fb3ec7bae67a5c55dde170964c7a14ceefec02f2cf0"
            ],
            "index": "pypi",
            "version": "==3.5"
        },
        "pytz": {
            "hashes": [
                "sha256:2c0784747071402c6e99f0bafdb7da0fa22645f06554c7ae06bf6358897e9c91",
                "sha256:48ce799d83b6f8aab2020e369b627446696619e79645419610b9facd909b3174"
            ],
            "index": "pypi",
            "version": "==2022.4"
        },
        "reactivex": {
            "hashes": [
                "sha256:0004796c420bd9e68aad8e65627d85a8e13f293de76656165dffbcb3a0e3fb6a",
                "sha256:e912e6591022ab9176df8348a653fe8c8fa7a301f26f9931c9d8c78a650e04e8"
            ],
            "markers": "python_version >= '3.7' and python_version < '4.0'",
            "version": "==4.0.4"
        },
        "requests": {
            "hashes": [
                "sha256:7c5599b102feddaa661c826c56ab4fee28bfd17f5abca1ebbe3e7f19d7c97983",
                "sha256:8fefa2a1a1365bf5520aac41836fbee479da67864514bdb821f31ce07ce65349"
            ],
            "index": "pypi",
            "version": "==2.28.1"
        },
        "ruuvitag-sensor": {
            "editable": true,
            "git": "https://github.com/ttu/ruuvitag-sensor.git",
            "ref": "aa37f9cfb44db6f881be523fbab43f25d93bc8c6"
        },
        "typing-extensions": {
            "hashes": [
                "sha256:1511434bb92bf8dd198c12b1cc812e800d4181cfcb867674e0f8279cc93087aa",
                "sha256:16fa4864408f655d35ec496218b85f79b3437c829e93320c7c9215ccfd92489e"
            ],
            "markers": "python_version >= '3.7'",
            "version": "==4.4.0"
        },
        "urllib3": {
            "hashes": [
                "sha256:3fa96cf423e6987997fc326ae8df396db2a8b7c667747d47ddd8ecba91f4a74e",
                "sha256:b930dd878d5a8afb066a637fbb35144fe7901e3b209d1cd4f524bd0e9deee997"
            ],
            "markers": "python_version >= '2.7' and python_version not in '3.0, 3.1, 3.2, 3.3, 3.4, 3.5' and python_version < '4'",
            "version": "==1.26.12"
        }
    },
    "develop": {}
}
