{
    "_meta": {
        "hash": {
            "sha256": "2627134ccf4930393a7eec7a6442aafa5eb686b250f16a391b41ae84c5fd2cee"
        },
        "pipfile-spec": 6,
        "requires": {
            "python_version": "3.10"
        },
        "sources": [
            {
                "name": "pypi",
                "url": "https://pypi.org/simple",
                "verify_ssl": true
            }
        ]
    },
    "default": {
        "async-timeout": {
            "hashes": [
                "sha256:2163e1640ddb52b7a8c80d0a67a08587e5d245cc9c553a74a847056bc2976b15",
                "sha256:8ca1e4fcf50d07413d66d1a5e416e42cfdf5851c981d679a09851a6853383b3c"
            ],
            "markers": "python_version >= '3.6'",
            "version": "==4.0.2"
        },
        "bleak": {
            "hashes": [
                "sha256:31e92e6754379bb394b8544457c77ce09a8a7dbc5f9adf3119b34576c901ef1e",
                "sha256:87845a96453c58c19031c735444a7b3156800534bcd3f23ba74e119e9ae3cd88"
            ],
            "index": "pypi",
            "version": "==0.19.5"
        },
        "certifi": {
            "hashes": [
                "sha256:0d9c601124e5a6ba9712dbc60d9c53c21e34f5f641fe83002317394311bdce14",
                "sha256:90c1a32f1d68f940488354e36370f6cca89f0f106db09518524c88d6ed83f382"
            ],
            "markers": "python_version >= '3.6'",
            "version": "==2022.9.24"
        },
        "charset-normalizer": {
            "hashes": [
                "sha256:5a3d016c7c547f69d6f81fb0db9449ce888b418b5b9952cc5e6e66843e9dd845",
                "sha256:83e9a75d1911279afd89352c68b45348559d1fc0506b054b346651b5e7fee29f"
            ],
            "markers": "python_full_version >= '3.6.0'",
            "version": "==2.1.1"
        },
        "dbus-fast": {
            "hashes": [
                "sha256:0a68fbc1b07aa027d24ce225aa2696005035dd6341975c921cd93bf1ac04c943",
                "sha256:1023171d2f07181ea5457a2727ee5e8bec3650ceb5410c91d8915ff44520bf13",
                "sha256:337ba4c0b3b8346dd08dcba7fe026f0dd897c0ed85c01b8d1b2580769bd51ccd",
                "sha256:343e7cf78a0960dcd6161a1cc4618f8353c36d15843e149e27817efe45869b25",
                "sha256:373276149810364db2536615a0d9f589a226092867762ad10d54a5b8b81d3a53",
                "sha256:37f77e60b76e90806e63c975b2540a19c544ad45f1a71ce6393f34049b834c73",
                "sha256:3a8c37ba6c63f906cde3c54a4675a3b8ae9466eac704c450e942e58afe7e85af",
                "sha256:3d7af2934c781045b705c68de66ea81dfced5faa88e8762d9187136adc4e671e",
                "sha256:40ff98d606490cbda4df77a9484730d5465be58a53e0285897182af2539873c9",
                "sha256:413d7989519d9280653c690fdc17517667dd8a5307ce067fa835371dc3c7259b",
                "sha256:41a6cbae35160545a78c47a3081615c2c062efde8c984659ec75c2d5ccb50ad3",
                "sha256:51c7df44f761909c189509e0fdcc415f615d943fb6c93d3181135fe72c771d3e",
                "sha256:5b1355f9d5cd48d7c1f242be7180059cea1d336c96340ab359d991c08f48d873",
                "sha256:69615e0bd3b519f583e6866255c4bdc0a70a7a5d7acaace603175a4b46fdf971",
                "sha256:7992130ab48b5bf93c310c62b7e325242becee52755090418d9e1377d5cfed81",
                "sha256:80b058910f4160bcbdc1e088ae2dd0b874795e7017ac371fbbe6586ccb228bc0",
                "sha256:87e6caf531462f6f2b32c3d67f3e8ae19756e684ea464e9d7cc91dafcb3f3df6",
                "sha256:9343a845594662df9f9585bf1ff1c24388b512ebfa045739536678589783ec75",
                "sha256:93cfff95d80af2d606503fe3d0bdfda322c4624a24190e4751c408b4e1bba488",
                "sha256:98cc58063fa6553870ca590c908f074a4f45b0300b0eb31ba6e5c781935a0ce2",
                "sha256:a49ba968cea28c9fb95b745823d10d8324f36c11ddf7d516412584b9a560374e",
                "sha256:abbb69aa500949450e4edea1427876d0acec3b181b83ae505c16be975b148fb6",
                "sha256:b1df5b53ecdfc93b0e8b8da4b9081755b02548654f674bedf3c48eb8eee8978c",
                "sha256:b7da81a7274325a003caa8d835e65b5e404ccb12d9fc5a9c30e1569bf0fd830a",
                "sha256:c322b52ea4a35d2f5221831a8fc95c56e1813fe0fd30cbdd883f32a3db3f86d7",
                "sha256:d93a86a15bc6f227eb3eda4098fa9572e583bb81e2223012a2ca4130023960fc",
                "sha256:f58d50203633c06cebb6fdda0d3d6807ca1e3bd012e6670b01af30c0a088033c",
                "sha256:f6fd873fbc8ec057727e0abfef6f75d3c4cc6300f292b8a4d861eddc21a84e4e"
            ],
            "markers": "platform_system == 'Linux'",
            "version": "==1.75.0"
        },
        "idna": {
            "hashes": [
                "sha256:814f528e8dead7d329833b91c5faa87d60bf71824cd12a7530b5526063d02cb4",
                "sha256:90b77e79eaa3eba6de819a0c442c0b4ceefc341a7a2ab77d7562bf49f425c5c2"
            ],
            "markers": "python_version >= '3.5'",
            "version": "==3.4"
        },
        "ptyprocess": {
            "hashes": [
                "sha256:4b41f3967fce3af57cc7e94b888626c18bf37a083e3651ca8feeb66d492fef35",
                "sha256:5c5d0a3b48ceee0b48485e0c26037c0acd7d29765ca3fbb5cb3831d347423220"
            ],
            "version": "==0.7.0"
        },
        "pyserial": {
            "hashes": [
                "sha256:3c77e014170dfffbd816e6ffc205e9842efb10be9f58ec16d3e8675b4925cddb",
                "sha256:c4451db6ba391ca6ca299fb3ec7bae67a5c55dde170964c7a14ceefec02f2cf0"
            ],
            "index": "pypi",
            "version": "==3.5"
        },
        "pytz": {
            "hashes": [
                "sha256:222439474e9c98fced559f1709d89e6c9cbf8d79c794ff3eb9f8800064291427",
                "sha256:e89512406b793ca39f5971bc999cc538ce125c0e51c27941bef4568b460095e2"
            ],
            "index": "pypi",
            "version": "==2022.6"
        },
        "reactivex": {
            "hashes": [
                "sha256:0004796c420bd9e68aad8e65627d85a8e13f293de76656165dffbcb3a0e3fb6a",
                "sha256:e912e6591022ab9176df8348a653fe8c8fa7a301f26f9931c9d8c78a650e04e8"
            ],
            "markers": "python_version >= '3.7' and python_version < '4.0'",
            "version": "==4.0.4"
        },
        "requests": {
            "hashes": [
                "sha256:7c5599b102feddaa661c826c56ab4fee28bfd17f5abca1ebbe3e7f19d7c97983",
                "sha256:8fefa2a1a1365bf5520aac41836fbee479da67864514bdb821f31ce07ce65349"
            ],
            "index": "pypi",
            "version": "==2.28.1"
        },
        "ruuvitag-sensor": {
            "editable": true,
            "git": "https://github.com/ttu/ruuvitag-sensor.git",
            "ref": "23e6555cc1ff684de467088885cbdcbdd2d0b773"
        },
        "typing-extensions": {
            "hashes": [
                "sha256:1511434bb92bf8dd198c12b1cc812e800d4181cfcb867674e0f8279cc93087aa",
                "sha256:16fa4864408f655d35ec496218b85f79b3437c829e93320c7c9215ccfd92489e"
            ],
            "markers": "python_version >= '3.7'",
            "version": "==4.4.0"
        },
        "urllib3": {
            "hashes": [
                "sha256:3fa96cf423e6987997fc326ae8df396db2a8b7c667747d47ddd8ecba91f4a74e",
                "sha256:b930dd878d5a8afb066a637fbb35144fe7901e3b209d1cd4f524bd0e9deee997"
            ],
            "markers": "python_version >= '2.7' and python_version not in '3.0, 3.1, 3.2, 3.3, 3.4, 3.5' and python_version < '4'",
            "version": "==1.26.12"
        }
    },
    "develop": {}
}
