# This file is automatically @generated by Poetry and should not be changed by hand.

[[package]]
name = "async-timeout"
version = "4.0.2"
description = "Timeout context manager for asyncio programs"
category = "main"
optional = false
python-versions = ">=3.6"
files = [
    {file = "async-timeout-4.0.2.tar.gz", hash = "sha256:2163e1640ddb52b7a8c80d0a67a08587e5d245cc9c553a74a847056bc2976b15"},
    {file = "async_timeout-4.0.2-py3-none-any.whl", hash = "sha256:8ca1e4fcf50d07413d66d1a5e416e42cfdf5851c981d679a09851a6853383b3c"},
]

[[package]]
name = "bleak"
version = "0.20.1"
description = "Bluetooth Low Energy platform Agnostic Klient"
category = "main"
optional = false
python-versions = ">=3.7,<4.0"
files = [
    {file = "bleak-0.20.1-py3-none-any.whl", hash = "sha256:e1661f3d36fea54d15197297d285d1d646daf8decaa174a6bbca639bd1c0e555"},
    {file = "bleak-0.20.1.tar.gz", hash = "sha256:db599f5f100e252e9cdd4020c8657daca0371a3c697e87432abc702f3774cb4c"},
]

[package.dependencies]
async-timeout = {version = ">=3.0.0,<5", markers = "python_version < \"3.11\""}
bleak-winrt = {version = ">=1.2.0,<2.0.0", markers = "platform_system == \"Windows\""}
dbus-fast = {version = ">=1.83.0,<2.0.0", markers = "platform_system == \"Linux\""}
pyobjc-core = {version = ">=9.0.1,<10.0.0", markers = "platform_system == \"Darwin\""}
pyobjc-framework-CoreBluetooth = {version = ">=9.0.1,<10.0.0", markers = "platform_system == \"Darwin\""}
pyobjc-framework-libdispatch = {version = ">=9.0.1,<10.0.0", markers = "platform_system == \"Darwin\""}

[[package]]
name = "bleak-winrt"
version = "1.2.0"
description = "Python WinRT bindings for Bleak"
category = "main"
optional = false
python-versions = "*"
files = [
    {file = "bleak-winrt-1.2.0.tar.gz", hash = "sha256:0577d070251b9354fc6c45ffac57e39341ebb08ead014b1bdbd43e211d2ce1d6"},
    {file = "bleak_winrt-1.2.0-cp310-cp310-win32.whl", hash = "sha256:a2ae3054d6843ae0cfd3b94c83293a1dfd5804393977dd69bde91cb5099fc47c"},
    {file = "bleak_winrt-1.2.0-cp310-cp310-win_amd64.whl", hash = "sha256:677df51dc825c6657b3ae94f00bd09b8ab88422b40d6a7bdbf7972a63bc44e9a"},
    {file = "bleak_winrt-1.2.0-cp311-cp311-win32.whl", hash = "sha256:9449cdb942f22c9892bc1ada99e2ccce9bea8a8af1493e81fefb6de2cb3a7b80"},
    {file = "bleak_winrt-1.2.0-cp311-cp311-win_amd64.whl", hash = "sha256:98c1b5a6a6c431ac7f76aa4285b752fe14a1c626bd8a1dfa56f66173ff120bee"},
    {file = "bleak_winrt-1.2.0-cp37-cp37m-win32.whl", hash = "sha256:623ac511696e1f58d83cb9c431e32f613395f2199b3db7f125a3d872cab968a4"},
    {file = "bleak_winrt-1.2.0-cp37-cp37m-win_amd64.whl", hash = "sha256:13ab06dec55469cf51a2c187be7b630a7a2922e1ea9ac1998135974a7239b1e3"},
    {file = "bleak_winrt-1.2.0-cp38-cp38-win32.whl", hash = "sha256:5a36ff8cd53068c01a795a75d2c13054ddc5f99ce6de62c1a97cd343fc4d0727"},
    {file = "bleak_winrt-1.2.0-cp38-cp38-win_amd64.whl", hash = "sha256:810c00726653a962256b7acd8edf81ab9e4a3c66e936a342ce4aec7dbd3a7263"},
    {file = "bleak_winrt-1.2.0-cp39-cp39-win32.whl", hash = "sha256:dd740047a08925bde54bec357391fcee595d7b8ca0c74c87170a5cbc3f97aa0a"},
    {file = "bleak_winrt-1.2.0-cp39-cp39-win_amd64.whl", hash = "sha256:63130c11acfe75c504a79c01f9919e87f009f5e742bfc7b7a5c2a9c72bf591a7"},
]

[[package]]
name = "certifi"
version = "2022.12.7"
description = "Python package for providing Mozilla's CA Bundle."
category = "main"
optional = false
python-versions = ">=3.6"
files = [
    {file = "certifi-2022.12.7-py3-none-any.whl", hash = "sha256:4ad3232f5e926d6718ec31cfc1fcadfde020920e278684144551c91769c7bc18"},
    {file = "certifi-2022.12.7.tar.gz", hash = "sha256:35824b4c3a97115964b408844d64aa14db1cc518f6562e8d7261699d1350a9e3"},
]

[[package]]
name = "charset-normalizer"
version = "3.1.0"
description = "The Real First Universal Charset Detector. Open, modern and actively maintained alternative to Chardet."
category = "main"
optional = false
python-versions = ">=3.7.0"
files = [
    {file = "charset-normalizer-3.1.0.tar.gz", hash = "sha256:34e0a2f9c370eb95597aae63bf85eb5e96826d81e3dcf88b8886012906f509b5"},
    {file = "charset_normalizer-3.1.0-cp310-cp310-macosx_10_9_universal2.whl", hash = "sha256:e0ac8959c929593fee38da1c2b64ee9778733cdf03c482c9ff1d508b6b593b2b"},
    {file = "charset_normalizer-3.1.0-cp310-cp310-macosx_10_9_x86_64.whl", hash = "sha256:d7fc3fca01da18fbabe4625d64bb612b533533ed10045a2ac3dd194bfa656b60"},
    {file = "charset_normalizer-3.1.0-cp310-cp310-macosx_11_0_arm64.whl", hash = "sha256:04eefcee095f58eaabe6dc3cc2262f3bcd776d2c67005880894f447b3f2cb9c1"},
    {file = "charset_normalizer-3.1.0-cp310-cp310-manylinux_2_17_aarch64.manylinux2014_aarch64.whl", hash = "sha256:20064ead0717cf9a73a6d1e779b23d149b53daf971169289ed2ed43a71e8d3b0"},
    {file = "charset_normalizer-3.1.0-cp310-cp310-manylinux_2_17_ppc64le.manylinux2014_ppc64le.whl", hash = "sha256:1435ae15108b1cb6fffbcea2af3d468683b7afed0169ad718451f8db5d1aff6f"},
    {file = "charset_normalizer-3.1.0-cp310-cp310-manylinux_2_17_s390x.manylinux2014_s390x.whl", hash = "sha256:c84132a54c750fda57729d1e2599bb598f5fa0344085dbde5003ba429a4798c0"},
    {file = "charset_normalizer-3.1.0-cp310-cp310-manylinux_2_17_x86_64.manylinux2014_x86_64.whl", hash = "sha256:75f2568b4189dda1c567339b48cba4ac7384accb9c2a7ed655cd86b04055c795"},
    {file = "charset_normalizer-3.1.0-cp310-cp310-manylinux_2_5_i686.manylinux1_i686.manylinux_2_17_i686.manylinux2014_i686.whl", hash = "sha256:11d3bcb7be35e7b1bba2c23beedac81ee893ac9871d0ba79effc7fc01167db6c"},
    {file = "charset_normalizer-3.1.0-cp310-cp310-musllinux_1_1_aarch64.whl", hash = "sha256:891cf9b48776b5c61c700b55a598621fdb7b1e301a550365571e9624f270c203"},
    {file = "charset_normalizer-3.1.0-cp310-cp310-musllinux_1_1_i686.whl", hash = "sha256:5f008525e02908b20e04707a4f704cd286d94718f48bb33edddc7d7b584dddc1"},
    {file = "charset_normalizer-3.1.0-cp310-cp310-musllinux_1_1_ppc64le.whl", hash = "sha256:b06f0d3bf045158d2fb8837c5785fe9ff9b8c93358be64461a1089f5da983137"},
    {file = "charset_normalizer-3.1.0-cp310-cp310-musllinux_1_1_s390x.whl", hash = "sha256:49919f8400b5e49e961f320c735388ee686a62327e773fa5b3ce6721f7e785ce"},
    {file = "charset_normalizer-3.1.0-cp310-cp310-musllinux_1_1_x86_64.whl", hash = "sha256:22908891a380d50738e1f978667536f6c6b526a2064156203d418f4856d6e86a"},
    {file = "charset_normalizer-3.1.0-cp310-cp310-win32.whl", hash = "sha256:12d1a39aa6b8c6f6248bb54550efcc1c38ce0d8096a146638fd4738e42284448"},
    {file = "charset_normalizer-3.1.0-cp310-cp310-win_amd64.whl", hash = "sha256:65ed923f84a6844de5fd29726b888e58c62820e0769b76565480e1fdc3d062f8"},
    {file = "charset_normalizer-3.1.0-cp311-cp311-macosx_10_9_universal2.whl", hash = "sha256:9a3267620866c9d17b959a84dd0bd2d45719b817245e49371ead79ed4f710d19"},
    {file = "charset_normalizer-3.1.0-cp311-cp311-macosx_10_9_x86_64.whl", hash = "sha256:6734e606355834f13445b6adc38b53c0fd45f1a56a9ba06c2058f86893ae8017"},
    {file = "charset_normalizer-3.1.0-cp311-cp311-macosx_11_0_arm64.whl", hash = "sha256:f8303414c7b03f794347ad062c0516cee0e15f7a612abd0ce1e25caf6ceb47df"},
    {file = "charset_normalizer-3.1.0-cp311-cp311-manylinux_2_17_aarch64.manylinux2014_aarch64.whl", hash = "sha256:aaf53a6cebad0eae578f062c7d462155eada9c172bd8c4d250b8c1d8eb7f916a"},
    {file = "charset_normalizer-3.1.0-cp311-cp311-manylinux_2_17_ppc64le.manylinux2014_ppc64le.whl", hash = "sha256:3dc5b6a8ecfdc5748a7e429782598e4f17ef378e3e272eeb1340ea57c9109f41"},
    {file = "charset_normalizer-3.1.0-cp311-cp311-manylinux_2_17_s390x.manylinux2014_s390x.whl", hash = "sha256:e1b25e3ad6c909f398df8921780d6a3d120d8c09466720226fc621605b6f92b1"},
    {file = "charset_normalizer-3.1.0-cp311-cp311-manylinux_2_17_x86_64.manylinux2014_x86_64.whl", hash = "sha256:0ca564606d2caafb0abe6d1b5311c2649e8071eb241b2d64e75a0d0065107e62"},
    {file = "charset_normalizer-3.1.0-cp311-cp311-manylinux_2_5_i686.manylinux1_i686.manylinux_2_17_i686.manylinux2014_i686.whl", hash = "sha256:b82fab78e0b1329e183a65260581de4375f619167478dddab510c6c6fb04d9b6"},
    {file = "charset_normalizer-3.1.0-cp311-cp311-musllinux_1_1_aarch64.whl", hash = "sha256:bd7163182133c0c7701b25e604cf1611c0d87712e56e88e7ee5d72deab3e76b5"},
    {file = "charset_normalizer-3.1.0-cp311-cp311-musllinux_1_1_i686.whl", hash = "sha256:11d117e6c63e8f495412d37e7dc2e2fff09c34b2d09dbe2bee3c6229577818be"},
    {file = "charset_normalizer-3.1.0-cp311-cp311-musllinux_1_1_ppc64le.whl", hash = "sha256:cf6511efa4801b9b38dc5546d7547d5b5c6ef4b081c60b23e4d941d0eba9cbeb"},
    {file = "charset_normalizer-3.1.0-cp311-cp311-musllinux_1_1_s390x.whl", hash = "sha256:abc1185d79f47c0a7aaf7e2412a0eb2c03b724581139193d2d82b3ad8cbb00ac"},
    {file = "charset_normalizer-3.1.0-cp311-cp311-musllinux_1_1_x86_64.whl", hash = "sha256:cb7b2ab0188829593b9de646545175547a70d9a6e2b63bf2cd87a0a391599324"},
    {file = "charset_normalizer-3.1.0-cp311-cp311-win32.whl", hash = "sha256:c36bcbc0d5174a80d6cccf43a0ecaca44e81d25be4b7f90f0ed7bcfbb5a00909"},
    {file = "charset_normalizer-3.1.0-cp311-cp311-win_amd64.whl", hash = "sha256:cca4def576f47a09a943666b8f829606bcb17e2bc2d5911a46c8f8da45f56755"},
    {file = "charset_normalizer-3.1.0-cp37-cp37m-macosx_10_9_x86_64.whl", hash = "sha256:0c95f12b74681e9ae127728f7e5409cbbef9cd914d5896ef238cc779b8152373"},
    {file = "charset_normalizer-3.1.0-cp37-cp37m-manylinux_2_17_aarch64.manylinux2014_aarch64.whl", hash = "sha256:fca62a8301b605b954ad2e9c3666f9d97f63872aa4efcae5492baca2056b74ab"},
    {file = "charset_normalizer-3.1.0-cp37-cp37m-manylinux_2_17_ppc64le.manylinux2014_ppc64le.whl", hash = "sha256:ac0aa6cd53ab9a31d397f8303f92c42f534693528fafbdb997c82bae6e477ad9"},
    {file = "charset_normalizer-3.1.0-cp37-cp37m-manylinux_2_17_s390x.manylinux2014_s390x.whl", hash = "sha256:c3af8e0f07399d3176b179f2e2634c3ce9c1301379a6b8c9c9aeecd481da494f"},
    {file = "charset_normalizer-3.1.0-cp37-cp37m-manylinux_2_17_x86_64.manylinux2014_x86_64.whl", hash = "sha256:3a5fc78f9e3f501a1614a98f7c54d3969f3ad9bba8ba3d9b438c3bc5d047dd28"},
    {file = "charset_normalizer-3.1.0-cp37-cp37m-manylinux_2_5_i686.manylinux1_i686.manylinux_2_17_i686.manylinux2014_i686.whl", hash = "sha256:628c985afb2c7d27a4800bfb609e03985aaecb42f955049957814e0491d4006d"},
    {file = "charset_normalizer-3.1.0-cp37-cp37m-musllinux_1_1_aarch64.whl", hash = "sha256:74db0052d985cf37fa111828d0dd230776ac99c740e1a758ad99094be4f1803d"},
    {file = "charset_normalizer-3.1.0-cp37-cp37m-musllinux_1_1_i686.whl", hash = "sha256:1e8fcdd8f672a1c4fc8d0bd3a2b576b152d2a349782d1eb0f6b8e52e9954731d"},
    {file = "charset_normalizer-3.1.0-cp37-cp37m-musllinux_1_1_ppc64le.whl", hash = "sha256:04afa6387e2b282cf78ff3dbce20f0cc071c12dc8f685bd40960cc68644cfea6"},
    {file = "charset_normalizer-3.1.0-cp37-cp37m-musllinux_1_1_s390x.whl", hash = "sha256:dd5653e67b149503c68c4018bf07e42eeed6b4e956b24c00ccdf93ac79cdff84"},
    {file = "charset_normalizer-3.1.0-cp37-cp37m-musllinux_1_1_x86_64.whl", hash = "sha256:d2686f91611f9e17f4548dbf050e75b079bbc2a82be565832bc8ea9047b61c8c"},
    {file = "charset_normalizer-3.1.0-cp37-cp37m-win32.whl", hash = "sha256:4155b51ae05ed47199dc5b2a4e62abccb274cee6b01da5b895099b61b1982974"},
    {file = "charset_normalizer-3.1.0-cp37-cp37m-win_amd64.whl", hash = "sha256:322102cdf1ab682ecc7d9b1c5eed4ec59657a65e1c146a0da342b78f4112db23"},
    {file = "charset_normalizer-3.1.0-cp38-cp38-macosx_10_9_universal2.whl", hash = "sha256:e633940f28c1e913615fd624fcdd72fdba807bf53ea6925d6a588e84e1151531"},
    {file = "charset_normalizer-3.1.0-cp38-cp38-macosx_10_9_x86_64.whl", hash = "sha256:3a06f32c9634a8705f4ca9946d667609f52cf130d5548881401f1eb2c39b1e2c"},
    {file = "charset_normalizer-3.1.0-cp38-cp38-macosx_11_0_arm64.whl", hash = "sha256:7381c66e0561c5757ffe616af869b916c8b4e42b367ab29fedc98481d1e74e14"},
    {file = "charset_normalizer-3.1.0-cp38-cp38-manylinux_2_17_aarch64.manylinux2014_aarch64.whl", hash = "sha256:3573d376454d956553c356df45bb824262c397c6e26ce43e8203c4c540ee0acb"},
    {file = "charset_normalizer-3.1.0-cp38-cp38-manylinux_2_17_ppc64le.manylinux2014_ppc64le.whl", hash = "sha256:e89df2958e5159b811af9ff0f92614dabf4ff617c03a4c1c6ff53bf1c399e0e1"},
    {file = "charset_normalizer-3.1.0-cp38-cp38-manylinux_2_17_s390x.manylinux2014_s390x.whl", hash = "sha256:78cacd03e79d009d95635e7d6ff12c21eb89b894c354bd2b2ed0b4763373693b"},
    {file = "charset_normalizer-3.1.0-cp38-cp38-manylinux_2_17_x86_64.manylinux2014_x86_64.whl", hash = "sha256:de5695a6f1d8340b12a5d6d4484290ee74d61e467c39ff03b39e30df62cf83a0"},
    {file = "charset_normalizer-3.1.0-cp38-cp38-manylinux_2_5_i686.manylinux1_i686.manylinux_2_17_i686.manylinux2014_i686.whl", hash = "sha256:1c60b9c202d00052183c9be85e5eaf18a4ada0a47d188a83c8f5c5b23252f649"},
    {file = "charset_normalizer-3.1.0-cp38-cp38-musllinux_1_1_aarch64.whl", hash = "sha256:f645caaf0008bacf349875a974220f1f1da349c5dbe7c4ec93048cdc785a3326"},
    {file = "charset_normalizer-3.1.0-cp38-cp38-musllinux_1_1_i686.whl", hash = "sha256:ea9f9c6034ea2d93d9147818f17c2a0860d41b71c38b9ce4d55f21b6f9165a11"},
    {file = "charset_normalizer-3.1.0-cp38-cp38-musllinux_1_1_ppc64le.whl", hash = "sha256:80d1543d58bd3d6c271b66abf454d437a438dff01c3e62fdbcd68f2a11310d4b"},
    {file = "charset_normalizer-3.1.0-cp38-cp38-musllinux_1_1_s390x.whl", hash = "sha256:73dc03a6a7e30b7edc5b01b601e53e7fc924b04e1835e8e407c12c037e81adbd"},
    {file = "charset_normalizer-3.1.0-cp38-cp38-musllinux_1_1_x86_64.whl", hash = "sha256:6f5c2e7bc8a4bf7c426599765b1bd33217ec84023033672c1e9a8b35eaeaaaf8"},
    {file = "charset_normalizer-3.1.0-cp38-cp38-win32.whl", hash = "sha256:12a2b561af122e3d94cdb97fe6fb2bb2b82cef0cdca131646fdb940a1eda04f0"},
    {file = "charset_normalizer-3.1.0-cp38-cp38-win_amd64.whl", hash = "sha256:3160a0fd9754aab7d47f95a6b63ab355388d890163eb03b2d2b87ab0a30cfa59"},
    {file = "charset_normalizer-3.1.0-cp39-cp39-macosx_10_9_universal2.whl", hash = "sha256:38e812a197bf8e71a59fe55b757a84c1f946d0ac114acafaafaf21667a7e169e"},
    {file = "charset_normalizer-3.1.0-cp39-cp39-macosx_10_9_x86_64.whl", hash = "sha256:6baf0baf0d5d265fa7944feb9f7451cc316bfe30e8df1a61b1bb08577c554f31"},
    {file = "charset_normalizer-3.1.0-cp39-cp39-macosx_11_0_arm64.whl", hash = "sha256:8f25e17ab3039b05f762b0a55ae0b3632b2e073d9c8fc88e89aca31a6198e88f"},
    {file = "charset_normalizer-3.1.0-cp39-cp39-manylinux_2_17_aarch64.manylinux2014_aarch64.whl", hash = "sha256:3747443b6a904001473370d7810aa19c3a180ccd52a7157aacc264a5ac79265e"},
    {file = "charset_normalizer-3.1.0-cp39-cp39-manylinux_2_17_ppc64le.manylinux2014_ppc64le.whl", hash = "sha256:b116502087ce8a6b7a5f1814568ccbd0e9f6cfd99948aa59b0e241dc57cf739f"},
    {file = "charset_normalizer-3.1.0-cp39-cp39-manylinux_2_17_s390x.manylinux2014_s390x.whl", hash = "sha256:d16fd5252f883eb074ca55cb622bc0bee49b979ae4e8639fff6ca3ff44f9f854"},
    {file = "charset_normalizer-3.1.0-cp39-cp39-manylinux_2_17_x86_64.manylinux2014_x86_64.whl", hash = "sha256:21fa558996782fc226b529fdd2ed7866c2c6ec91cee82735c98a197fae39f706"},
    {file = "charset_normalizer-3.1.0-cp39-cp39-manylinux_2_5_i686.manylinux1_i686.manylinux_2_17_i686.manylinux2014_i686.whl", hash = "sha256:6f6c7a8a57e9405cad7485f4c9d3172ae486cfef1344b5ddd8e5239582d7355e"},
    {file = "charset_normalizer-3.1.0-cp39-cp39-musllinux_1_1_aarch64.whl", hash = "sha256:ac3775e3311661d4adace3697a52ac0bab17edd166087d493b52d4f4f553f9f0"},
    {file = "charset_normalizer-3.1.0-cp39-cp39-musllinux_1_1_i686.whl", hash = "sha256:10c93628d7497c81686e8e5e557aafa78f230cd9e77dd0c40032ef90c18f2230"},
    {file = "charset_normalizer-3.1.0-cp39-cp39-musllinux_1_1_ppc64le.whl", hash = "sha256:6f4f4668e1831850ebcc2fd0b1cd11721947b6dc7c00bf1c6bd3c929ae14f2c7"},
    {file = "charset_normalizer-3.1.0-cp39-cp39-musllinux_1_1_s390x.whl", hash = "sha256:0be65ccf618c1e7ac9b849c315cc2e8a8751d9cfdaa43027d4f6624bd587ab7e"},
    {file = "charset_normalizer-3.1.0-cp39-cp39-musllinux_1_1_x86_64.whl", hash = "sha256:53d0a3fa5f8af98a1e261de6a3943ca631c526635eb5817a87a59d9a57ebf48f"},
    {file = "charset_normalizer-3.1.0-cp39-cp39-win32.whl", hash = "sha256:a04f86f41a8916fe45ac5024ec477f41f886b3c435da2d4e3d2709b22ab02af1"},
    {file = "charset_normalizer-3.1.0-cp39-cp39-win_amd64.whl", hash = "sha256:830d2948a5ec37c386d3170c483063798d7879037492540f10a475e3fd6f244b"},
    {file = "charset_normalizer-3.1.0-py3-none-any.whl", hash = "sha256:3d9098b479e78c85080c98e1e35ff40b4a31d8953102bb0fd7d1b6f8a2111a3d"},
]

[[package]]
name = "dbus-fast"
version = "1.84.2"
description = "A faster version of dbus-next"
category = "main"
optional = false
python-versions = ">=3.7,<4.0"
files = [
    {file = "dbus_fast-1.84.2-cp310-cp310-manylinux_2_17_i686.manylinux_2_5_i686.manylinux1_i686.manylinux2014_i686.whl", hash = "sha256:0e5fdb1c4841080b9087a10eed6472d485d44cbe04c4e37eb4c660c34d1e3ea2"},
    {file = "dbus_fast-1.84.2-cp310-cp310-manylinux_2_17_x86_64.manylinux2014_x86_64.whl", hash = "sha256:29e9c25f8e99c1d9c15372161a8a3e1cec4b46c56689aa2f7bb6378de4137873"},
    {file = "dbus_fast-1.84.2-cp310-cp310-manylinux_2_31_x86_64.whl", hash = "sha256:13995e9d3503be3c4c31abeb95bc38ac6f8277f5a376f4aaefdc4a6d72aae151"},
    {file = "dbus_fast-1.84.2-cp310-cp310-musllinux_1_1_i686.whl", hash = "sha256:1f13eefd103c02711f76276fe2f7265ccb0cedaf943bc0a51ebd2524c031b7cb"},
    {file = "dbus_fast-1.84.2-cp310-cp310-musllinux_1_1_x86_64.whl", hash = "sha256:a9714560f1a89b1e0015d69db00796fa9c83e599f35e7d5113270a3991cec93f"},
    {file = "dbus_fast-1.84.2-cp311-cp311-manylinux_2_17_i686.manylinux_2_5_i686.manylinux1_i686.manylinux2014_i686.whl", hash = "sha256:dc9d02c13a0c46762b27ffa2ecd7500e5b78ccdf91889ddd5539c6e944edb4a4"},
    {file = "dbus_fast-1.84.2-cp311-cp311-manylinux_2_17_x86_64.manylinux2014_x86_64.whl", hash = "sha256:65a1ffa691e4457b25eb29c5a8e8d2394927d1f3dce44d9b84952d7d5b94920f"},
    {file = "dbus_fast-1.84.2-cp311-cp311-musllinux_1_1_i686.whl", hash = "sha256:7fe9d9017b17e993360605541842e05bd10cf51856e39302b517c8f16da38cf1"},
    {file = "dbus_fast-1.84.2-cp311-cp311-musllinux_1_1_x86_64.whl", hash = "sha256:f7eb6c7b416e3d728e2e7232925edb2775694925c0c0d25c8d5f26a5726a6f69"},
    {file = "dbus_fast-1.84.2-cp37-cp37m-manylinux_2_17_i686.manylinux_2_5_i686.manylinux1_i686.manylinux2014_i686.whl", hash = "sha256:bf4c19554a27c5cd1485c0a97afa71e352c5f0e511e4a209cbd85ed25104f828"},
    {file = "dbus_fast-1.84.2-cp37-cp37m-manylinux_2_17_x86_64.manylinux2014_x86_64.whl", hash = "sha256:106e0fb2470169a669da5aaf38cc2442708f1e8dac67a9cf772f5d87977201ba"},
    {file = "dbus_fast-1.84.2-cp37-cp37m-musllinux_1_1_i686.whl", hash = "sha256:c332486374f029c69810ca98c92c55ae2030a51cd1d5b3c04eb3ecee5d31e1f0"},
    {file = "dbus_fast-1.84.2-cp37-cp37m-musllinux_1_1_x86_64.whl", hash = "sha256:bba1b3aa1f5f87d20982e5479567d623627241399a33d2fd4882184fa762b85b"},
    {file = "dbus_fast-1.84.2-cp38-cp38-manylinux_2_17_i686.manylinux_2_5_i686.manylinux1_i686.manylinux2014_i686.whl", hash = "sha256:1a5391eefdd69ba0f09e95848f1a1ecb269cfda81404d3b3fe76952a37845c4c"},
    {file = "dbus_fast-1.84.2-cp38-cp38-manylinux_2_17_x86_64.manylinux2014_x86_64.whl", hash = "sha256:e638af8a0176ee668eb55668817990d696a3f7b31135f1222f80ac36f6eef56a"},
    {file = "dbus_fast-1.84.2-cp38-cp38-musllinux_1_1_i686.whl", hash = "sha256:3e1f504db2f29cc2c3602bbb972eacfffd4307faf4d3a7e881bf9c4b13742723"},
    {file = "dbus_fast-1.84.2-cp38-cp38-musllinux_1_1_x86_64.whl", hash = "sha256:1affd246014e79d4007066f5953cc6e45f25cf990255eaab4298ec88ce07b153"},
    {file = "dbus_fast-1.84.2-cp39-cp39-manylinux_2_17_i686.manylinux_2_5_i686.manylinux1_i686.manylinux2014_i686.whl", hash = "sha256:43fca5a6608de9b75f0e110e335a264ca94336b9a74ca61f1bc98e49f2eaaaee"},
    {file = "dbus_fast-1.84.2-cp39-cp39-manylinux_2_17_x86_64.manylinux2014_x86_64.whl", hash = "sha256:2c0b9064cd1de80c6ca89fe2431a6ab34030e0d4dc1d79f8dc1f3fe5dc52483b"},
    {file = "dbus_fast-1.84.2-cp39-cp39-musllinux_1_1_i686.whl", hash = "sha256:9a1b4a1f30a73b24a23a261c18ddead63687e077e4c98d6ba7228d13e541fb43"},
    {file = "dbus_fast-1.84.2-cp39-cp39-musllinux_1_1_x86_64.whl", hash = "sha256:bd0ba12abc443ded3284b6a399cad6f18a1660ed5b20813510835b2363c7f585"},
    {file = "dbus_fast-1.84.2-pp37-pypy37_pp73-manylinux_2_17_i686.manylinux_2_5_i686.manylinux1_i686.manylinux2014_i686.whl", hash = "sha256:0b0a9e109e1a4f8fc3ad23579b7fd5d60ade459fa82eeb26e3d70c57ca4ae658"},
    {file = "dbus_fast-1.84.2-pp37-pypy37_pp73-manylinux_2_17_x86_64.manylinux2014_x86_64.whl", hash = "sha256:3c31817c62d58de8ad53a6fcde92ad146a7e47c3f9e395f0c60b71305d5d3d2c"},
    {file = "dbus_fast-1.84.2-pp38-pypy38_pp73-manylinux_2_17_i686.manylinux_2_5_i686.manylinux1_i686.manylinux2014_i686.whl", hash = "sha256:48068eadf1613c2263b5babe3feacc52be3fcd26823b623ba6a5ad7787e0fe52"},
    {file = "dbus_fast-1.84.2-pp38-pypy38_pp73-manylinux_2_17_x86_64.manylinux2014_x86_64.whl", hash = "sha256:57280df4ddd820d513cdc9c3aa0ecd9c897686cc7b374f6d774462869ae55bb8"},
    {file = "dbus_fast-1.84.2-pp39-pypy39_pp73-manylinux_2_17_i686.manylinux_2_5_i686.manylinux1_i686.manylinux2014_i686.whl", hash = "sha256:1803462a53365de05f5a6df74c74cae19d5743d60213344823baf9f50aa7ad5d"},
    {file = "dbus_fast-1.84.2-pp39-pypy39_pp73-manylinux_2_17_x86_64.manylinux2014_x86_64.whl", hash = "sha256:b7b16fe43bfdf049a00024ed45d119ad39f3f8bcb85066e2a7d4f06a6d074878"},
    {file = "dbus_fast-1.84.2.tar.gz", hash = "sha256:62b00b85c5835bff1d7ab5b12d494e588d92612bedbd7ca86176861729b8e4bc"},
]

[package.dependencies]
async-timeout = {version = ">=3.0.0", markers = "python_version < \"3.11\""}

[[package]]
name = "idna"
version = "3.4"
description = "Internationalized Domain Names in Applications (IDNA)"
category = "main"
optional = false
python-versions = ">=3.5"
files = [
    {file = "idna-3.4-py3-none-any.whl", hash = "sha256:90b77e79eaa3eba6de819a0c442c0b4ceefc341a7a2ab77d7562bf49f425c5c2"},
    {file = "idna-3.4.tar.gz", hash = "sha256:814f528e8dead7d329833b91c5faa87d60bf71824cd12a7530b5526063d02cb4"},
]

[[package]]
name = "ptyprocess"
version = "0.7.0"
description = "Run a subprocess in a pseudo terminal"
category = "main"
optional = false
python-versions = "*"
files = [
    {file = "ptyprocess-0.7.0-py2.py3-none-any.whl", hash = "sha256:4b41f3967fce3af57cc7e94b888626c18bf37a083e3651ca8feeb66d492fef35"},
    {file = "ptyprocess-0.7.0.tar.gz", hash = "sha256:5c5d0a3b48ceee0b48485e0c26037c0acd7d29765ca3fbb5cb3831d347423220"},
]

[[package]]
name = "pyobjc-core"
version = "9.0.1"
description = "Python<->ObjC Interoperability Module"
category = "main"
optional = false
python-versions = ">=3.7"
files = [
    {file = "pyobjc-core-9.0.1.tar.gz", hash = "sha256:5ce1510bb0bdff527c597079a42b2e13a19b7592e76850be7960a2775b59c929"},
    {file = "pyobjc_core-9.0.1-cp310-cp310-macosx_10_9_universal2.whl", hash = "sha256:b614406d46175b1438a9596b664bf61952323116704d19bc1dea68052a0aad98"},
    {file = "pyobjc_core-9.0.1-cp311-cp311-macosx_10_9_universal2.whl", hash = "sha256:bd397e729f6271c694fb70df8f5d3d3c9b2f2b8ac02fbbdd1757ca96027b94bb"},
    {file = "pyobjc_core-9.0.1-cp37-cp37m-macosx_10_9_x86_64.whl", hash = "sha256:d919934eaa6d1cf1505ff447a5c2312be4c5651efcb694eb9f59e86f5bd25e6b"},
    {file = "pyobjc_core-9.0.1-cp38-cp38-macosx_10_9_x86_64.whl", hash = "sha256:67d67ca8b164f38ceacce28a18025845c3ec69613f3301935d4d2c4ceb22e3fd"},
    {file = "pyobjc_core-9.0.1-cp38-cp38-macosx_11_0_universal2.whl", hash = "sha256:39d11d71f6161ac0bd93cffc8ea210bb0178b56d16a7408bf74283d6ecfa7430"},
    {file = "pyobjc_core-9.0.1-cp39-cp39-macosx_10_9_universal2.whl", hash = "sha256:25be1c4d530e473ed98b15063b8d6844f0733c98914de6f09fe1f7652b772bbc"},
]

[[package]]
name = "pyobjc-framework-cocoa"
version = "9.0.1"
description = "Wrappers for the Cocoa frameworks on macOS"
category = "main"
optional = false
python-versions = ">=3.7"
files = [
    {file = "pyobjc-framework-Cocoa-9.0.1.tar.gz", hash = "sha256:a8b53b3426f94307a58e2f8214dc1094c19afa9dcb96f21be12f937d968b2df3"},
    {file = "pyobjc_framework_Cocoa-9.0.1-cp310-cp310-macosx_10_9_universal2.whl", hash = "sha256:5f94b0f92a62b781e633e58f09bcaded63d612f9b1e15202f5f372ea59e4aebd"},
    {file = "pyobjc_framework_Cocoa-9.0.1-cp311-cp311-macosx_10_9_universal2.whl", hash = "sha256:f062c3bb5cc89902e6d164aa9a66ffc03638645dd5f0468b6f525ac997c86e51"},
    {file = "pyobjc_framework_Cocoa-9.0.1-cp37-cp37m-macosx_10_9_x86_64.whl", hash = "sha256:0b374c0a9d32ba4fc5610ab2741cb05a005f1dfb82a47dbf2dbb2b3a34b73ce5"},
    {file = "pyobjc_framework_Cocoa-9.0.1-cp38-cp38-macosx_10_9_x86_64.whl", hash = "sha256:8928080cebbce91ac139e460d3dfc94c7cb6935be032dcae9c0a51b247f9c2d9"},
    {file = "pyobjc_framework_Cocoa-9.0.1-cp38-cp38-macosx_11_0_universal2.whl", hash = "sha256:9d2bd86a0a98d906f762f5dc59f2fc67cce32ae9633b02ff59ac8c8a33dd862d"},
    {file = "pyobjc_framework_Cocoa-9.0.1-cp39-cp39-macosx_10_9_universal2.whl", hash = "sha256:2a41053cbcee30e1e8914efa749c50b70bf782527d5938f2bc2a6393740969ce"},
]

[package.dependencies]
pyobjc-core = ">=9.0.1"

[[package]]
name = "pyobjc-framework-corebluetooth"
version = "9.0.1"
description = "Wrappers for the framework CoreBluetooth on macOS"
category = "main"
optional = false
python-versions = ">=3.7"
files = [
    {file = "pyobjc-framework-CoreBluetooth-9.0.1.tar.gz", hash = "sha256:bf008d7bfe13cda12a43ed82346acfad262e90824086b145394c154531b51841"},
    {file = "pyobjc_framework_CoreBluetooth-9.0.1-cp36-abi3-macosx_10_9_universal2.whl", hash = "sha256:62f15fc6e1d864a5e6afd26fe01947e5879b5322af23719d988981ca65b34a30"},
    {file = "pyobjc_framework_CoreBluetooth-9.0.1-cp36-abi3-macosx_10_9_x86_64.whl", hash = "sha256:15673b480b3695aba87ce9574154bd1997f03a784969642b0da5e990e9679f48"},
    {file = "pyobjc_framework_CoreBluetooth-9.0.1-cp36-abi3-macosx_11_0_universal2.whl", hash = "sha256:3560c55de7799cd7468b1282d6c2fca4823896ffbcb7d53be69b55c01a44592e"},
]

[package.dependencies]
pyobjc-core = ">=9.0.1"
pyobjc-framework-Cocoa = ">=9.0.1"

[[package]]
name = "pyobjc-framework-libdispatch"
version = "9.0.1"
description = "Wrappers for libdispatch on macOS"
category = "main"
optional = false
python-versions = ">=3.7"
files = [
    {file = "pyobjc-framework-libdispatch-9.0.1.tar.gz", hash = "sha256:988c4c8608f2059c8b80ac520bc8d20a46ff85f65c50749110c45df610141fce"},
    {file = "pyobjc_framework_libdispatch-9.0.1-cp310-cp310-macosx_10_9_universal2.whl", hash = "sha256:6cd32fea76165157a623ef8871f83cfa627ea2e878417704d6ac9c284c4211d5"},
    {file = "pyobjc_framework_libdispatch-9.0.1-cp311-cp311-macosx_10_9_universal2.whl", hash = "sha256:2a0f8ba6b498a095edef07e7a55f11dda3a6b37706caaa0f954f297c9aa1122e"},
    {file = "pyobjc_framework_libdispatch-9.0.1-cp37-cp37m-macosx_10_9_x86_64.whl", hash = "sha256:906f4e705b40ea878d0a7feddddac85965f9709f7a951c3d5459260d48efd56f"},
    {file = "pyobjc_framework_libdispatch-9.0.1-cp38-cp38-macosx_10_9_x86_64.whl", hash = "sha256:0bd94e697e3739eaf093a9b6f5be9a2cc34faa96c66cc21d2c42a996a3b01242"},
    {file = "pyobjc_framework_libdispatch-9.0.1-cp38-cp38-macosx_11_0_universal2.whl", hash = "sha256:7f9798c599acdd21251f57970bafabccc7fa723ae2a6d1fbe82f99ecfa3f7cf9"},
    {file = "pyobjc_framework_libdispatch-9.0.1-cp39-cp39-macosx_10_9_universal2.whl", hash = "sha256:10a877b31960ee958873e5228f7b588c664014be8ad4d13a76a764482a18bf41"},
]

[package.dependencies]
pyobjc-core = ">=9.0.1"

[[package]]
name = "pyserial"
version = "3.5"
description = "Python Serial Port Extension"
category = "main"
optional = false
python-versions = "*"
files = [
    {file = "pyserial-3.5-py2.py3-none-any.whl", hash = "sha256:c4451db6ba391ca6ca299fb3ec7bae67a5c55dde170964c7a14ceefec02f2cf0"},
    {file = "pyserial-3.5.tar.gz", hash = "sha256:3c77e014170dfffbd816e6ffc205e9842efb10be9f58ec16d3e8675b4925cddb"},
]

[package.extras]
cp2110 = ["hidapi"]

[[package]]
name = "pytz"
version = "2023.2"
description = "World timezone definitions, modern and historical"
category = "main"
optional = false
python-versions = "*"
files = [
    {file = "pytz-2023.2-py2.py3-none-any.whl", hash = "sha256:8a8baaf1e237175b02f5c751eea67168043a749c843989e2b3015aa1ad9db68b"},
    {file = "pytz-2023.2.tar.gz", hash = "sha256:a27dcf612c05d2ebde626f7d506555f10dfc815b3eddccfaadfc7d99b11c9a07"},
]

[[package]]
name = "reactivex"
version = "4.0.4"
description = "ReactiveX (Rx) for Python"
category = "main"
optional = false
python-versions = ">=3.7,<4.0"
files = [
    {file = "reactivex-4.0.4-py3-none-any.whl", hash = "sha256:0004796c420bd9e68aad8e65627d85a8e13f293de76656165dffbcb3a0e3fb6a"},
    {file = "reactivex-4.0.4.tar.gz", hash = "sha256:e912e6591022ab9176df8348a653fe8c8fa7a301f26f9931c9d8c78a650e04e8"},
]

[package.dependencies]
typing-extensions = ">=4.1.1,<5.0.0"

[[package]]
name = "requests"
version = "2.28.2"
description = "Python HTTP for Humans."
category = "main"
optional = false
python-versions = ">=3.7, <4"
files = [
    {file = "requests-2.28.2-py3-none-any.whl", hash = "sha256:64299f4909223da747622c030b781c0d7811e359c37124b4bd368fb8c6518baa"},
    {file = "requests-2.28.2.tar.gz", hash = "sha256:98b1b2782e3c6c4904938b84c0eb932721069dfdb9134313beff7c83c2df24bf"},
]

[package.dependencies]
certifi = ">=2017.4.17"
charset-normalizer = ">=2,<4"
idna = ">=2.5,<4"
urllib3 = ">=1.21.1,<1.27"

[package.extras]
socks = ["PySocks (>=1.5.6,!=1.5.7)"]
use-chardet-on-py3 = ["chardet (>=3.0.2,<6)"]

[[package]]
name = "ruuvitag-sensor"
version = "2.1.0"
description = "Find RuuviTag sensors and get decoded data from selected sensors"
category = "main"
optional = false
python-versions = ">=3.7"
files = []
develop = false

[package.dependencies]
ptyprocess = {version = "*", markers = "platform_system == \"Linux\""}
reactivex = "*"

[package.extras]
dev = ["black", "flake8-pyproject", "isort", "mypy", "pylint", "pytest", "pytest-asyncio"]

[package.source]
type = "git"
url = "https://github.com/ttu/ruuvitag-sensor.git"
reference = "HEAD"
resolved_reference = "a7e12af7c41ab6238cdea460492d6c57fbbfa0dc"

[[package]]
name = "typing-extensions"
version = "4.5.0"
description = "Backported and Experimental Type Hints for Python 3.7+"
category = "main"
optional = false
python-versions = ">=3.7"
files = [
    {file = "typing_extensions-4.5.0-py3-none-any.whl", hash = "sha256:fb33085c39dd998ac16d1431ebc293a8b3eedd00fd4a32de0ff79002c19511b4"},
    {file = "typing_extensions-4.5.0.tar.gz", hash = "sha256:5cb5f4a79139d699607b3ef622a1dedafa84e115ab0024e0d9c044a9479ca7cb"},
]

[[package]]
name = "urllib3"
version = "1.26.15"
description = "HTTP library with thread-safe connection pooling, file post, and more."
category = "main"
optional = false
python-versions = ">=2.7, !=3.0.*, !=3.1.*, !=3.2.*, !=3.3.*, !=3.4.*, !=3.5.*"
files = [
    {file = "urllib3-1.26.15-py2.py3-none-any.whl", hash = "sha256:aa751d169e23c7479ce47a0cb0da579e3ede798f994f5816a74e4f4500dcea42"},
    {file = "urllib3-1.26.15.tar.gz", hash = "sha256:8a388717b9476f934a21484e8c8e61875ab60644d29b9b39e11e4b9dc1c6b305"},
]

[package.extras]
brotli = ["brotli (>=1.0.9)", "brotlicffi (>=0.8.0)", "brotlipy (>=0.6.0)"]
secure = ["certifi", "cryptography (>=1.3.4)", "idna (>=2.0.0)", "ipaddress", "pyOpenSSL (>=0.14)", "urllib3-secure-extra"]
socks = ["PySocks (>=1.5.6,!=1.5.7,<2.0)"]

[metadata]
lock-version = "2.0"
python-versions = "^3.10"
content-hash = "30e368bc2fbb722c82107a854dcf4e84ae53ba22ee13fe1803c04643a7edac78"
