version = 1
revision = 3
requires-python = ">=3.14"

[[package]]
name = "bleak"
version = "2.1.1"
source = { registry = "https://pypi.org/simple" }
dependencies = [
    { name = "dbus-fast", marker = "sys_platform == 'linux'" },
    { name = "pyobjc-core", marker = "sys_platform == 'darwin'" },
    { name = "pyobjc-framework-corebluetooth", marker = "sys_platform == 'darwin'" },
    { name = "pyobjc-framework-libdispatch", marker = "sys_platform == 'darwin'" },
    { name = "winrt-runtime", marker = "sys_platform == 'win32'" },
    { name = "winrt-windows-devices-bluetooth", marker = "sys_platform == 'win32'" },
    { name = "winrt-windows-devices-bluetooth-advertisement", marker = "sys_platform == 'win32'" },
    { name = "winrt-windows-devices-bluetooth-genericattributeprofile", marker = "sys_platform == 'win32'" },
    { name = "winrt-windows-devices-enumeration", marker = "sys_platform == 'win32'" },
    { name = "winrt-windows-devices-radios", marker = "sys_platform == 'win32'" },
    { name = "winrt-windows-foundation", marker = "sys_platform == 'win32'" },
    { name = "winrt-windows-foundation-collections", marker = "sys_platform == 'win32'" },
    { name = "winrt-windows-storage-streams", marker = "sys_platform == 'win32'" },
]
sdist = { url = "https://files.pythonhosted.org/packages/45/8a/5acbd4da6a5a301fab56ff6d6e9e6b6945e6e4a2d1d213898c21b1d3a19b/bleak-2.1.1.tar.gz", hash = "sha256:4600cc5852f2392ce886547e127623f188e689489c5946d422172adf80635cf9", size = 120634, upload-time = "2025-12-31T20:43:28.697Z" }
wheels = [
    { url = "https://files.pythonhosted.org/packages/99/fe/22aec895f040c1e457d6e6fcc79286fbb17d54602600ab2a58837bec7be1/bleak-2.1.1-py3-none-any.whl", hash = "sha256:61ac1925073b580c896a92a8c404088c5e5ec9dc3c5bd6fc17554a15779d83de", size = 141258, upload-time = "2025-12-31T20:43:27.302Z" },
]

[[package]]
name = "certifi"
version = "2026.2.25"
source = { registry = "https://pypi.org/simple" }
sdist = { url = "https://files.pythonhosted.org/packages/af/2d/7bf41579a8986e348fa033a31cdd0e4121114f6bce2457e8876010b092dd/certifi-2026.2.25.tar.gz", hash = "sha256:e887ab5cee78ea814d3472169153c2d12cd43b14bd03329a39a9c6e2e80bfba7", size = 155029, upload-time = "2026-02-25T02:54:17.342Z" }
wheels = [
    { url = "https://files.pythonhosted.org/packages/9a/3c/c17fb3ca2d9c3acff52e30b309f538586f9f5b9c9cf454f3845fc9af4881/certifi-2026.2.25-py3-none-any.whl", hash = "sha256:027692e4402ad994f1c42e52a4997a9763c646b73e4096e4d5d6db8af1d6f0fa", size = 153684, upload-time = "2026-02-25T02:54:15.766Z" },
]

[[package]]
name = "charset-normalizer"
version = "3.4.5"
source = { registry = "https://pypi.org/simple" }
sdist = { url = "https://files.pythonhosted.org/packages/1d/35/02daf95b9cd686320bb622eb148792655c9412dbb9b67abb5694e5910a24/charset_normalizer-3.4.5.tar.gz", hash = "sha256:95adae7b6c42a6c5b5b559b1a99149f090a57128155daeea91732c8d970d8644", size = 134804, upload-time = "2026-03-06T06:03:19.46Z" }
wheels = [
    { url = "https://files.pythonhosted.org/packages/43/be/0f0fd9bb4a7fa4fb5067fb7d9ac693d4e928d306f80a0d02bde43a7c4aee/charset_normalizer-3.4.5-cp314-cp314-macosx_10_15_universal2.whl", hash = "sha256:8197abe5ca1ffb7d91e78360f915eef5addff270f8a71c1fc5be24a56f3e4873", size = 280232, upload-time = "2026-03-06T06:02:01.508Z" },
    { url = "https://files.pythonhosted.org/packages/28/02/983b5445e4bef49cd8c9da73a8e029f0825f39b74a06d201bfaa2e55142a/charset_normalizer-3.4.5-cp314-cp314-manylinux2014_aarch64.manylinux_2_17_aarch64.manylinux_2_28_aarch64.whl", hash = "sha256:a2aecdb364b8a1802afdc7f9327d55dad5366bc97d8502d0f5854e50712dbc5f", size = 189688, upload-time = "2026-03-06T06:02:02.857Z" },
    { url = "https://files.pythonhosted.org/packages/d0/88/152745c5166437687028027dc080e2daed6fe11cfa95a22f4602591c42db/charset_normalizer-3.4.5-cp314-cp314-manylinux2014_ppc64le.manylinux_2_17_ppc64le.manylinux_2_28_ppc64le.whl", hash = "sha256:a66aa5022bf81ab4b1bebfb009db4fd68e0c6d4307a1ce5ef6a26e5878dfc9e4", size = 206833, upload-time = "2026-03-06T06:02:05.127Z" },
    { url = "https://files.pythonhosted.org/packages/cb/0f/ebc15c8b02af2f19be9678d6eed115feeeccc45ce1f4b098d986c13e8769/charset_normalizer-3.4.5-cp314-cp314-manylinux2014_s390x.manylinux_2_17_s390x.manylinux_2_28_s390x.whl", hash = "sha256:d77f97e515688bd615c1d1f795d540f32542d514242067adcb8ef532504cb9ee", size = 202879, upload-time = "2026-03-06T06:02:06.446Z" },
    { url = "https://files.pythonhosted.org/packages/38/9c/71336bff6934418dc8d1e8a1644176ac9088068bc571da612767619c97b3/charset_normalizer-3.4.5-cp314-cp314-manylinux2014_x86_64.manylinux_2_17_x86_64.manylinux_2_28_x86_64.whl", hash = "sha256:01a1ed54b953303ca7e310fafe0fe347aab348bd81834a0bcd602eb538f89d66", size = 195764, upload-time = "2026-03-06T06:02:08.763Z" },
    { url = "https://files.pythonhosted.org/packages/b7/95/ce92fde4f98615661871bc282a856cf9b8a15f686ba0af012984660d480b/charset_normalizer-3.4.5-cp314-cp314-manylinux_2_31_armv7l.whl", hash = "sha256:b2d37d78297b39a9eb9eb92c0f6df98c706467282055419df141389b23f93362", size = 183728, upload-time = "2026-03-06T06:02:10.137Z" },
    { url = "https://files.pythonhosted.org/packages/1c/e7/f5b4588d94e747ce45ae680f0f242bc2d98dbd4eccfab73e6160b6893893/charset_normalizer-3.4.5-cp314-cp314-manylinux_2_31_riscv64.manylinux_2_39_riscv64.whl", hash = "sha256:e71bbb595973622b817c042bd943c3f3667e9c9983ce3d205f973f486fec98a7", size = 192937, upload-time = "2026-03-06T06:02:11.663Z" },
    { url = "https://files.pythonhosted.org/packages/f9/29/9d94ed6b929bf9f48bf6ede6e7474576499f07c4c5e878fb186083622716/charset_normalizer-3.4.5-cp314-cp314-musllinux_1_2_aarch64.whl", hash = "sha256:4cd966c2559f501c6fd69294d082c2934c8dd4719deb32c22961a5ac6db0df1d", size = 192040, upload-time = "2026-03-06T06:02:13.489Z" },
    { url = "https://files.pythonhosted.org/packages/15/d2/1a093a1cf827957f9445f2fe7298bcc16f8fc5e05c1ed2ad1af0b239035e/charset_normalizer-3.4.5-cp314-cp314-musllinux_1_2_armv7l.whl", hash = "sha256:d5e52d127045d6ae01a1e821acfad2f3a1866c54d0e837828538fabe8d9d1bd6", size = 184107, upload-time = "2026-03-06T06:02:14.83Z" },
    { url = "https://files.pythonhosted.org/packages/0f/7d/82068ce16bd36135df7b97f6333c5d808b94e01d4599a682e2337ed5fd14/charset_normalizer-3.4.5-cp314-cp314-musllinux_1_2_ppc64le.whl", hash = "sha256:30a2b1a48478c3428d047ed9690d57c23038dac838a87ad624c85c0a78ebeb39", size = 208310, upload-time = "2026-03-06T06:02:16.165Z" },
    { url = "https://files.pythonhosted.org/packages/84/4e/4dfb52307bb6af4a5c9e73e482d171b81d36f522b21ccd28a49656baa680/charset_normalizer-3.4.5-cp314-cp314-musllinux_1_2_riscv64.whl", hash = "sha256:d8ed79b8f6372ca4254955005830fd61c1ccdd8c0fac6603e2c145c61dd95db6", size = 192918, upload-time = "2026-03-06T06:02:18.144Z" },
    { url = "https://files.pythonhosted.org/packages/08/a4/159ff7da662cf7201502ca89980b8f06acf3e887b278956646a8aeb178ab/charset_normalizer-3.4.5-cp314-cp314-musllinux_1_2_s390x.whl", hash = "sha256:c5af897b45fa606b12464ccbe0014bbf8c09191e0a66aab6aa9d5cf6e77e0c94", size = 204615, upload-time = "2026-03-06T06:02:19.821Z" },
    { url = "https://files.pythonhosted.org/packages/d6/62/0dd6172203cb6b429ffffc9935001fde42e5250d57f07b0c28c6046deb6b/charset_normalizer-3.4.5-cp314-cp314-musllinux_1_2_x86_64.whl", hash = "sha256:1088345bcc93c58d8d8f3d783eca4a6e7a7752bbff26c3eee7e73c597c191c2e", size = 197784, upload-time = "2026-03-06T06:02:21.86Z" },
    { url = "https://files.pythonhosted.org/packages/c7/5e/1aab5cb737039b9c59e63627dc8bbc0d02562a14f831cc450e5f91d84ce1/charset_normalizer-3.4.5-cp314-cp314-win32.whl", hash = "sha256:ee57b926940ba00bca7ba7041e665cc956e55ef482f851b9b65acb20d867e7a2", size = 133009, upload-time = "2026-03-06T06:02:23.289Z" },
    { url = "https://files.pythonhosted.org/packages/40/65/e7c6c77d7aaa4c0d7974f2e403e17f0ed2cb0fc135f77d686b916bf1eead/charset_normalizer-3.4.5-cp314-cp314-win_amd64.whl", hash = "sha256:4481e6da1830c8a1cc0b746b47f603b653dadb690bcd851d039ffaefe70533aa", size = 143511, upload-time = "2026-03-06T06:02:26.195Z" },
    { url = "https://files.pythonhosted.org/packages/ba/91/52b0841c71f152f563b8e072896c14e3d83b195c188b338d3cc2e582d1d4/charset_normalizer-3.4.5-cp314-cp314-win_arm64.whl", hash = "sha256:97ab7787092eb9b50fb47fa04f24c75b768a606af1bcba1957f07f128a7219e4", size = 133775, upload-time = "2026-03-06T06:02:27.473Z" },
    { url = "https://files.pythonhosted.org/packages/c5/60/3a621758945513adfd4db86827a5bafcc615f913dbd0b4c2ed64a65731be/charset_normalizer-3.4.5-py3-none-any.whl", hash = "sha256:9db5e3fcdcee89a78c04dffb3fe33c79f77bd741a624946db2591c81b2fc85b0", size = 55455, upload-time = "2026-03-06T06:03:17.827Z" },
]

[[package]]
name = "dbus-fast"
version = "4.0.0"
source = { registry = "https://pypi.org/simple" }
sdist = { url = "https://files.pythonhosted.org/packages/3d/f7/36515d10e85ab6d6193edbabbcae974c25d6fbabb8ead84cfd2b4ee8eaf6/dbus_fast-4.0.0.tar.gz", hash = "sha256:e1d3ee49a4a81524d7caaa2d5a31fc71075a1c977b661df958cee24bef86b8fe", size = 75082, upload-time = "2026-02-01T20:56:27.85Z" }
wheels = [
    { url = "https://files.pythonhosted.org/packages/f0/c5/5fee1e5d59b2856db9da8372c67ed7699b262108a4540d5858f34a67699f/dbus_fast-4.0.0-cp314-cp314-manylinux2014_aarch64.manylinux_2_17_aarch64.manylinux_2_28_aarch64.whl", hash = "sha256:9e53d7e19d2433f2ca1d811856e4b80a3b3126f361703e5caf6e7f086a03b994", size = 804142, upload-time = "2026-02-01T21:05:33.5Z" },
    { url = "https://files.pythonhosted.org/packages/37/3e/91a9339278ccee8be93df337c69703dd9d3f5b8fc97dadb2f8a3ff06f6c0/dbus_fast-4.0.0-cp314-cp314-manylinux2014_x86_64.manylinux_2_17_x86_64.manylinux_2_28_x86_64.whl", hash = "sha256:6b430760c925e0b695b6f1a3f21f6e57954807cab4704a3bc4bc5f311261016b", size = 846011, upload-time = "2026-02-01T21:05:34.875Z" },
    { url = "https://files.pythonhosted.org/packages/34/bf/bab415e523fc67a3b1d246a677dcac1198b5cf4d89ae594b2b25b71c02c7/dbus_fast-4.0.0-cp314-cp314-manylinux_2_41_x86_64.whl", hash = "sha256:2818d76da8291202779fe8cb23edc62488786eee791f332c2c40350552288d8b", size = 844116, upload-time = "2026-02-01T20:56:26.447Z" },
    { url = "https://files.pythonhosted.org/packages/d4/c8/5cc517508d102242656c06acb3980decd243e56470f9cb51dc736a9197ef/dbus_fast-4.0.0-cp314-cp314-musllinux_1_2_aarch64.whl", hash = "sha256:0b2aaf80991734e2bbff60b0f57b70322668acccb8bb15a0380ca80b8f8c5d72", size = 810621, upload-time = "2026-02-01T21:05:36.208Z" },
    { url = "https://files.pythonhosted.org/packages/47/84/686bd523c9966bbd9c0705984782fcb33d3a2aae75a2ebbb34b37aca1f3b/dbus_fast-4.0.0-cp314-cp314-musllinux_1_2_x86_64.whl", hash = "sha256:93a864c9e39ab03988c95e2cd9368a4b6560887d53a197037dfc73e7d966b690", size = 853111, upload-time = "2026-02-01T21:05:37.775Z" },
    { url = "https://files.pythonhosted.org/packages/9e/2d/26a2a2120c32bf6a61b81a19d7d20cd440c79f1c4679b04af85af93bc0e4/dbus_fast-4.0.0-cp314-cp314t-manylinux2014_aarch64.manylinux_2_17_aarch64.manylinux_2_28_aarch64.whl", hash = "sha256:c71b369f8fd743c0d03e5fd566ff5d886cb5ad7f3d187f36185a372096a2a096", size = 1534384, upload-time = "2026-02-01T21:05:41.636Z" },
    { url = "https://files.pythonhosted.org/packages/d0/53/916c2bbb6601108f694b7c37c71c650ef8d06c2ed282a704b5c8cca67edf/dbus_fast-4.0.0-cp314-cp314t-manylinux2014_x86_64.manylinux_2_17_x86_64.manylinux_2_28_x86_64.whl", hash = "sha256:ffc16ee344e68a907a40327074bca736086897f2e783541086eedb5e6855f3f0", size = 1610347, upload-time = "2026-02-01T21:05:43.086Z" },
    { url = "https://files.pythonhosted.org/packages/ad/f6/05eeb374a02f63b0e29b1ee2073569e8cf42f655970a651f938bcdbe7eae/dbus_fast-4.0.0-cp314-cp314t-musllinux_1_2_aarch64.whl", hash = "sha256:1f8f4b0f8af730c39bbb83de1e299e706fbd7f7f3955764471213b013fa59516", size = 1549395, upload-time = "2026-02-01T21:05:45.159Z" },
    { url = "https://files.pythonhosted.org/packages/a4/87/d03a718e7bfdbbebaa4b6a66ba5bb069bc00a84e5ad176d8198cc785cd42/dbus_fast-4.0.0-cp314-cp314t-musllinux_1_2_x86_64.whl", hash = "sha256:f6af190d8306f1bd506740c39701f5c211aa31ac660a3fcb401ebb97d33166c7", size = 1627620, upload-time = "2026-02-01T21:05:46.878Z" },
]

[[package]]
name = "idna"
version = "3.11"
source = { registry = "https://pypi.org/simple" }
sdist = { url = "https://files.pythonhosted.org/packages/6f/6d/0703ccc57f3a7233505399edb88de3cbd678da106337b9fcde432b65ed60/idna-3.11.tar.gz", hash = "sha256:795dafcc9c04ed0c1fb032c2aa73654d8e8c5023a7df64a53f39190ada629902", size = 194582, upload-time = "2025-10-12T14:55:20.501Z" }
wheels = [
    { url = "https://files.pythonhosted.org/packages/0e/61/66938bbb5fc52dbdf84594873d5b51fb1f7c7794e9c0f5bd885f30bc507b/idna-3.11-py3-none-any.whl", hash = "sha256:771a87f49d9defaf64091e6e6fe9c18d4833f140bd19464795bc32d966ca37ea", size = 71008, upload-time = "2025-10-12T14:55:18.883Z" },
]

[[package]]
name = "logger"
version = "0.1.0"
source = { virtual = "." }
dependencies = [
    { name = "pytz" },
    { name = "requests" },
    { name = "ruuvitag-sensor" },
]

[package.metadata]
requires-dist = [
    { name = "pytz", specifier = ">=2024.2" },
    { name = "requests", specifier = ">=2.32.3" },
    { name = "ruuvitag-sensor", git = "https://github.com/ttu/ruuvitag-sensor.git" },
]

[[package]]
name = "ptyprocess"
version = "0.7.0"
source = { registry = "https://pypi.org/simple" }
sdist = { url = "https://files.pythonhosted.org/packages/20/e5/16ff212c1e452235a90aeb09066144d0c5a6a8c0834397e03f5224495c4e/ptyprocess-0.7.0.tar.gz", hash = "sha256:5c5d0a3b48ceee0b48485e0c26037c0acd7d29765ca3fbb5cb3831d347423220", size = 70762, upload-time = "2020-12-28T15:15:30.155Z" }
wheels = [
    { url = "https://files.pythonhosted.org/packages/22/a6/858897256d0deac81a172289110f31629fc4cee19b6f01283303e18c8db3/ptyprocess-0.7.0-py2.py3-none-any.whl", hash = "sha256:4b41f3967fce3af57cc7e94b888626c18bf37a083e3651ca8feeb66d492fef35", size = 13993, upload-time = "2020-12-28T15:15:28.35Z" },
]

[[package]]
name = "pyobjc-core"
version = "12.1"
source = { registry = "https://pypi.org/simple" }
sdist = { url = "https://files.pythonhosted.org/packages/b8/b6/d5612eb40be4fd5ef88c259339e6313f46ba67577a95d86c3470b951fce0/pyobjc_core-12.1.tar.gz", hash = "sha256:2bb3903f5387f72422145e1466b3ac3f7f0ef2e9960afa9bcd8961c5cbf8bd21", size = 1000532, upload-time = "2025-11-14T10:08:28.292Z" }
wheels = [
    { url = "https://files.pythonhosted.org/packages/25/98/9f4ed07162de69603144ff480be35cd021808faa7f730d082b92f7ebf2b5/pyobjc_core-12.1-cp314-cp314-macosx_10_15_universal2.whl", hash = "sha256:844515f5d86395b979d02152576e7dee9cc679acc0b32dc626ef5bda315eaa43", size = 670164, upload-time = "2025-11-14T09:34:37.458Z" },
    { url = "https://files.pythonhosted.org/packages/62/50/dc076965c96c7f0de25c0a32b7f8aa98133ed244deaeeacfc758783f1f30/pyobjc_core-12.1-cp314-cp314t-macosx_10_15_universal2.whl", hash = "sha256:453b191df1a4b80e756445b935491b974714456ae2cbae816840bd96f86db882", size = 712204, upload-time = "2025-11-14T09:35:24.148Z" },
]

[[package]]
name = "pyobjc-framework-cocoa"
version = "12.1"
source = { registry = "https://pypi.org/simple" }
dependencies = [
    { name = "pyobjc-core" },
]
sdist = { url = "https://files.pythonhosted.org/packages/02/a3/16ca9a15e77c061a9250afbae2eae26f2e1579eb8ca9462ae2d2c71e1169/pyobjc_framework_cocoa-12.1.tar.gz", hash = "sha256:5556c87db95711b985d5efdaaf01c917ddd41d148b1e52a0c66b1a2e2c5c1640", size = 2772191, upload-time = "2025-11-14T10:13:02.069Z" }
wheels = [
    { url = "https://files.pythonhosted.org/packages/59/bb/f777cc9e775fc7dae77b569254570fe46eb842516b3e4fe383ab49eab598/pyobjc_framework_cocoa-12.1-cp314-cp314-macosx_10_15_universal2.whl", hash = "sha256:03342a60fc0015bcdf9b93ac0b4f457d3938e9ef761b28df9564c91a14f0129a", size = 384932, upload-time = "2025-11-14T09:42:29.771Z" },
    { url = "https://files.pythonhosted.org/packages/58/27/b457b7b37089cad692c8aada90119162dfb4c4a16f513b79a8b2b022b33b/pyobjc_framework_cocoa-12.1-cp314-cp314t-macosx_10_15_universal2.whl", hash = "sha256:6ba1dc1bfa4da42d04e93d2363491275fb2e2be5c20790e561c8a9e09b8cf2cc", size = 388970, upload-time = "2025-11-14T09:42:53.964Z" },
]

[[package]]
name = "pyobjc-framework-corebluetooth"
version = "12.1"
source = { registry = "https://pypi.org/simple" }
dependencies = [
    { name = "pyobjc-core" },
    { name = "pyobjc-framework-cocoa" },
]
sdist = { url = "https://files.pythonhosted.org/packages/4b/25/d21d6cb3fd249c2c2aa96ee54279f40876a0c93e7161b3304bf21cbd0bfe/pyobjc_framework_corebluetooth-12.1.tar.gz", hash = "sha256:8060c1466d90bbb9100741a1091bb79975d9ba43911c9841599879fc45c2bbe0", size = 33157, upload-time = "2025-11-14T10:13:28.064Z" }
wheels = [
    { url = "https://files.pythonhosted.org/packages/2f/41/90640a4db62f0bf0611cf8a161129c798242116e2a6a44995668b017b106/pyobjc_framework_corebluetooth-12.1-cp314-cp314-macosx_10_15_universal2.whl", hash = "sha256:15ba5207ca626dffe57ccb7c1beaf01f93930159564211cb97d744eaf0d812aa", size = 13222, upload-time = "2025-11-14T09:44:14.345Z" },
    { url = "https://files.pythonhosted.org/packages/86/99/8ed2f0ca02b9abe204966142bd8c4501cf6da94234cc320c4c0562c467e8/pyobjc_framework_corebluetooth-12.1-cp314-cp314t-macosx_10_15_universal2.whl", hash = "sha256:e5385195bd365a49ce70e2fb29953681eefbe68a7b15ecc2493981d2fb4a02b1", size = 13408, upload-time = "2025-11-14T09:44:16.558Z" },
]

[[package]]
name = "pyobjc-framework-libdispatch"
version = "12.1"
source = { registry = "https://pypi.org/simple" }
dependencies = [
    { name = "pyobjc-core" },
    { name = "pyobjc-framework-cocoa" },
]
sdist = { url = "https://files.pythonhosted.org/packages/26/e8/75b6b9b3c88b37723c237e5a7600384ea2d84874548671139db02e76652b/pyobjc_framework_libdispatch-12.1.tar.gz", hash = "sha256:4035535b4fae1b5e976f3e0e38b6e3442ffea1b8aa178d0ca89faa9b8ecdea41", size = 38277, upload-time = "2025-11-14T10:16:46.235Z" }
wheels = [
    { url = "https://files.pythonhosted.org/packages/59/d8/7d60a70fc1a546c6cb482fe0595cb4bd1368d75c48d49e76d0bc6c0a2d0f/pyobjc_framework_libdispatch-12.1-cp314-cp314-macosx_10_15_universal2.whl", hash = "sha256:0ebfd9e4446ab6528126bff25cfb09e4213ddf992b3208978911cfd3152e45f5", size = 15693, upload-time = "2025-11-14T09:53:05.531Z" },
    { url = "https://files.pythonhosted.org/packages/99/32/15e08a0c4bb536303e1568e2ba5cae1ce39a2e026a03aea46173af4c7a2d/pyobjc_framework_libdispatch-12.1-cp314-cp314t-macosx_10_15_universal2.whl", hash = "sha256:23fc9915cba328216b6a736c7a48438a16213f16dfb467f69506300b95938cc7", size = 15976, upload-time = "2025-11-14T09:53:07.936Z" },
]

[[package]]
name = "pytz"
version = "2026.1.post1"
source = { registry = "https://pypi.org/simple" }
sdist = { url = "https://files.pythonhosted.org/packages/56/db/b8721d71d945e6a8ac63c0fc900b2067181dbb50805958d4d4661cf7d277/pytz-2026.1.post1.tar.gz", hash = "sha256:3378dde6a0c3d26719182142c56e60c7f9af7e968076f31aae569d72a0358ee1", size = 321088, upload-time = "2026-03-03T07:47:50.683Z" }
wheels = [
    { url = "https://files.pythonhosted.org/packages/10/99/781fe0c827be2742bcc775efefccb3b048a3a9c6ce9aec0cbf4a101677e5/pytz-2026.1.post1-py2.py3-none-any.whl", hash = "sha256:f2fd16142fda348286a75e1a524be810bb05d444e5a081f37f7affc635035f7a", size = 510489, upload-time = "2026-03-03T07:47:49.167Z" },
]

[[package]]
name = "reactivex"
version = "4.1.0"
source = { registry = "https://pypi.org/simple" }
dependencies = [
    { name = "typing-extensions" },
]
sdist = { url = "https://files.pythonhosted.org/packages/b6/af/38a4b62468e4c5bd50acf511d86fe62e65a466aa6abb55b1d59a4a9e57f3/reactivex-4.1.0.tar.gz", hash = "sha256:c7499e3c802bccaa20839b3e17355a7d939573fded3f38ba3d4796278a169a3d", size = 113482, upload-time = "2025-11-05T21:44:24.557Z" }
wheels = [
    { url = "https://files.pythonhosted.org/packages/ba/9e/3c2f5d3abb6c5d82f7696e1e3c69b7279049e928596ce82ed25ca97a08f3/reactivex-4.1.0-py3-none-any.whl", hash = "sha256:485750ec8d9b34bcc8ff4318971d234dc4f595058a1b4435a74aefef4b2bc9bd", size = 218588, upload-time = "2025-11-05T21:44:23.015Z" },
]

[[package]]
name = "requests"
version = "2.32.5"
source = { registry = "https://pypi.org/simple" }
dependencies = [
    { name = "certifi" },
    { name = "charset-normalizer" },
    { name = "idna" },
    { name = "urllib3" },
]
sdist = { url = "https://files.pythonhosted.org/packages/c9/74/b3ff8e6c8446842c3f5c837e9c3dfcfe2018ea6ecef224c710c85ef728f4/requests-2.32.5.tar.gz", hash = "sha256:dbba0bac56e100853db0ea71b82b4dfd5fe2bf6d3754a8893c3af500cec7d7cf", size = 134517, upload-time = "2025-08-18T20:46:02.573Z" }
wheels = [
    { url = "https://files.pythonhosted.org/packages/1e/db/4254e3eabe8020b458f1a747140d32277ec7a271daf1d235b70dc0b4e6e3/requests-2.32.5-py3-none-any.whl", hash = "sha256:2462f94637a34fd532264295e186976db0f5d453d1cdd31473c85a6a161affb6", size = 64738, upload-time = "2025-08-18T20:46:00.542Z" },
]

[[package]]
name = "ruuvitag-sensor"
version = "4.1.0"
source = { git = "https://github.com/ttu/ruuvitag-sensor.git#f0302db632463fca94d546b6ee5d8c6727a90b40" }
dependencies = [
    { name = "bleak" },
    { name = "ptyprocess", marker = "sys_platform == 'linux'" },
    { name = "reactivex" },
]

[[package]]
name = "typing-extensions"
version = "4.15.0"
source = { registry = "https://pypi.org/simple" }
sdist = { url = "https://files.pythonhosted.org/packages/72/94/1a15dd82efb362ac84269196e94cf00f187f7ed21c242792a923cdb1c61f/typing_extensions-4.15.0.tar.gz", hash = "sha256:0cea48d173cc12fa28ecabc3b837ea3cf6f38c6d1136f85cbaaf598984861466", size = 109391, upload-time = "2025-08-25T13:49:26.313Z" }
wheels = [
    { url = "https://files.pythonhosted.org/packages/18/67/36e9267722cc04a6b9f15c7f3441c2363321a3ea07da7ae0c0707beb2a9c/typing_extensions-4.15.0-py3-none-any.whl", hash = "sha256:f0fa19c6845758ab08074a0cfa8b7aecb71c999ca73d62883bc25cc018c4e548", size = 44614, upload-time = "2025-08-25T13:49:24.86Z" },
]

[[package]]
name = "urllib3"
version = "2.6.3"
source = { registry = "https://pypi.org/simple" }
sdist = { url = "https://files.pythonhosted.org/packages/c7/24/5f1b3bdffd70275f6661c76461e25f024d5a38a46f04aaca912426a2b1d3/urllib3-2.6.3.tar.gz", hash = "sha256:1b62b6884944a57dbe321509ab94fd4d3b307075e0c2eae991ac71ee15ad38ed", size = 435556, upload-time = "2026-01-07T16:24:43.925Z" }
wheels = [
    { url = "https://files.pythonhosted.org/packages/39/08/aaaad47bc4e9dc8c725e68f9d04865dbcb2052843ff09c97b08904852d84/urllib3-2.6.3-py3-none-any.whl", hash = "sha256:bf272323e553dfb2e87d9bfd225ca7b0f467b919d7bbd355436d3fd37cb0acd4", size = 131584, upload-time = "2026-01-07T16:24:42.685Z" },
]

[[package]]
name = "winrt-runtime"
version = "3.2.1"
source = { registry = "https://pypi.org/simple" }
dependencies = [
    { name = "typing-extensions" },
]
sdist = { url = "https://files.pythonhosted.org/packages/16/dd/acdd527c1d890c8f852cc2af644aa6c160974e66631289420aa871b05e65/winrt_runtime-3.2.1.tar.gz", hash = "sha256:c8dca19e12b234ae6c3dadf1a4d0761b51e708457492c13beb666556958801ea", size = 21721, upload-time = "2025-06-06T14:40:27.593Z" }
wheels = [
    { url = "https://files.pythonhosted.org/packages/c8/87/88bd98419a9da77a68e030593fee41702925a7ad8a8aec366945258cbb31/winrt_runtime-3.2.1-cp314-cp314-win32.whl", hash = "sha256:9b6298375468ac2f6815d0c008a059fc16508c8f587e824c7936ed9216480dad", size = 210257, upload-time = "2025-09-20T07:06:41.054Z" },
    { url = "https://files.pythonhosted.org/packages/87/85/e5c2a10d287edd9d3ee8dc24bf7d7f335636b92bf47119768b7dd2fd1669/winrt_runtime-3.2.1-cp314-cp314-win_amd64.whl", hash = "sha256:e36e587ab5fd681ee472cd9a5995743f75107a1a84d749c64f7e490bc86bc814", size = 241873, upload-time = "2025-09-20T07:06:42.059Z" },
    { url = "https://files.pythonhosted.org/packages/52/2a/eb9e78397132175f70dd51dfa4f93e489c17d6b313ae9dce60369b8d84a7/winrt_runtime-3.2.1-cp314-cp314-win_arm64.whl", hash = "sha256:35d6241a2ebd5598e4788e69768b8890ee1eee401a819865767a1fbdd3e9a650", size = 416222, upload-time = "2025-09-20T07:06:43.376Z" },
]

[[package]]
name = "winrt-windows-devices-bluetooth"
version = "3.2.1"
source = { registry = "https://pypi.org/simple" }
dependencies = [
    { name = "winrt-runtime" },
]
sdist = { url = "https://files.pythonhosted.org/packages/b2/a0/1c8a0c469abba7112265c6cb52f0090d08a67c103639aee71fc690e614b8/winrt_windows_devices_bluetooth-3.2.1.tar.gz", hash = "sha256:db496d2d92742006d5a052468fc355bf7bb49e795341d695c374746113d74505", size = 23732, upload-time = "2025-06-06T14:41:20.489Z" }
wheels = [
    { url = "https://files.pythonhosted.org/packages/b7/95/91cfdf941a1ba791708ab3477fc4e46793c8fe9117fc3e0a8c5ac5d7a09c/winrt_windows_devices_bluetooth-3.2.1-cp314-cp314-win32.whl", hash = "sha256:de36ded53ca3ba12fc6dd4deb14b779acc391447726543815df4800348aad63a", size = 109015, upload-time = "2025-09-20T07:09:51.067Z" },
    { url = "https://files.pythonhosted.org/packages/61/fa/7460655628d0f340a93524f5236bb9f8514eb0e1d334b38cba8a89f6c1a6/winrt_windows_devices_bluetooth-3.2.1-cp314-cp314-win_amd64.whl", hash = "sha256:3295d932cc93259d5ccb23a41e3a3af4c78ce5d6a6223b2b7638985f604fa34c", size = 115931, upload-time = "2025-09-20T07:09:51.922Z" },
    { url = "https://files.pythonhosted.org/packages/de/70/e1248dea2ab881eb76b61ff1ad6cb9c07ac005faf99349e4af0b29bc3f1b/winrt_windows_devices_bluetooth-3.2.1-cp314-cp314-win_arm64.whl", hash = "sha256:1f61c178766a1bbce0669f44790c6161ff4669404c477b4aedaa576348f9e102", size = 109561, upload-time = "2025-09-20T07:09:52.733Z" },
]

[[package]]
name = "winrt-windows-devices-bluetooth-advertisement"
version = "3.2.1"
source = { registry = "https://pypi.org/simple" }
dependencies = [
    { name = "winrt-runtime" },
]
sdist = { url = "https://files.pythonhosted.org/packages/06/fc/7ffe66ca4109b9e994b27c00f3d2d506e6e549e268791f755287ad9106d8/winrt_windows_devices_bluetooth_advertisement-3.2.1.tar.gz", hash = "sha256:0223852a7b7fa5c8dea3c6a93473bd783df4439b1ed938d9871f947933e574cc", size = 16906, upload-time = "2025-06-06T14:41:21.448Z" }
wheels = [
    { url = "https://files.pythonhosted.org/packages/27/3d/421d04a20037370baf13de929bc1dc5438b306a76fe17275ec5d893aae6c/winrt_windows_devices_bluetooth_advertisement-3.2.1-cp314-cp314-win32.whl", hash = "sha256:2985565c265b3f9eab625361b0e40e88c94b03d89f5171f36146f2e88b3ee214", size = 92264, upload-time = "2025-09-20T07:09:53.563Z" },
    { url = "https://files.pythonhosted.org/packages/07/c7/43601ab82fe42bcff430b8466d84d92b31be06cc45c7fd64e9aac40f7851/winrt_windows_devices_bluetooth_advertisement-3.2.1-cp314-cp314-win_amd64.whl", hash = "sha256:d102f3fac64fde32332e370969dfbc6f37b405d8cc055d9da30d14d07449a3c2", size = 97517, upload-time = "2025-09-20T07:09:54.411Z" },
    { url = "https://files.pythonhosted.org/packages/91/17/e3303f6a25a2d98e424b06580fc85bbfd068f383424c67fa47cb1b357a46/winrt_windows_devices_bluetooth_advertisement-3.2.1-cp314-cp314-win_arm64.whl", hash = "sha256:ffeb5e946cd42c32c6999a62e240d6730c653cdfb7b49c7839afba375e20a62a", size = 94122, upload-time = "2025-09-20T07:09:55.187Z" },
]

[[package]]
name = "winrt-windows-devices-bluetooth-genericattributeprofile"
version = "3.2.1"
source = { registry = "https://pypi.org/simple" }
dependencies = [
    { name = "winrt-runtime" },
]
sdist = { url = "https://files.pythonhosted.org/packages/44/21/aeeddc0eccdfbd25e543360b5cc093233e2eab3cdfb53ad3cabae1b5d04d/winrt_windows_devices_bluetooth_genericattributeprofile-3.2.1.tar.gz", hash = "sha256:cdf6ddc375e9150d040aca67f5a17c41ceaf13a63f3668f96608bc1d045dde71", size = 38896, upload-time = "2025-06-06T14:41:22.687Z" }
wheels = [
    { url = "https://files.pythonhosted.org/packages/b7/32/cb447ca7730a1e05730272309b074da6a04af29a8c0f5121014db8a2fc02/winrt_windows_devices_bluetooth_genericattributeprofile-3.2.1-cp314-cp314-win32.whl", hash = "sha256:d5f83739ca370f0baf52b0400aebd6240ab80150081fbfba60fd6e7b2e7b4c5f", size = 185249, upload-time = "2025-09-20T07:09:58.639Z" },
    { url = "https://files.pythonhosted.org/packages/bb/fa/f465d5d44dda166bf7ec64b7a950f57eca61f165bfe18345e9a5ea542def/winrt_windows_devices_bluetooth_genericattributeprofile-3.2.1-cp314-cp314-win_amd64.whl", hash = "sha256:13786a5853a933de140d456cd818696e1121c7c296ae7b7af262fc5d2cffb851", size = 193739, upload-time = "2025-09-20T07:09:59.893Z" },
    { url = "https://files.pythonhosted.org/packages/78/08/51c53ac3c704cd92da5ed7e7b9b57159052f6e46744e4f7e447ed708aa22/winrt_windows_devices_bluetooth_genericattributeprofile-3.2.1-cp314-cp314-win_arm64.whl", hash = "sha256:5140682da2860f6a55eb6faf9e980724dc457c2e4b4b35a10e1cebd8fc97d892", size = 194836, upload-time = "2025-09-20T07:10:00.87Z" },
]

[[package]]
name = "winrt-windows-devices-enumeration"
version = "3.2.1"
source = { registry = "https://pypi.org/simple" }
dependencies = [
    { name = "winrt-runtime" },
]
sdist = { url = "https://files.pythonhosted.org/packages/9e/dd/75835bfbd063dffa152109727dedbd80f6e92ea284855f7855d48cdf31c9/winrt_windows_devices_enumeration-3.2.1.tar.gz", hash = "sha256:df316899e39bfc0ffc1f3cb0f5ee54d04e1d167fbbcc1484d2d5121449a935cf", size = 23538, upload-time = "2025-06-06T14:41:26.787Z" }
wheels = [
    { url = "https://files.pythonhosted.org/packages/41/31/5785cd1ec54dc0f0e6f3e6a466d07a62b8014a6e2b782e80444ef87e83ab/winrt_windows_devices_enumeration-3.2.1-cp314-cp314-win32.whl", hash = "sha256:e087364273ed7c717cd0191fed4be9def6fdf229fe9b536a4b8d0228f7814106", size = 134252, upload-time = "2025-09-20T07:10:12.935Z" },
    { url = "https://files.pythonhosted.org/packages/cb/f6/68d91068048410f49794c0b19c45759c63ca559607068cfe5affba2f211b/winrt_windows_devices_enumeration-3.2.1-cp314-cp314-win_amd64.whl", hash = "sha256:0da1ddb8285d97a6775c36265d7157acf1bbcb88bcc9a7ce9a4549906c822472", size = 145509, upload-time = "2025-09-20T07:10:13.797Z" },
    { url = "https://files.pythonhosted.org/packages/5c/a4/898951d5bfc474aa9c7d133fe30870f0f2184f4ba3027eafb779d30eb7bc/winrt_windows_devices_enumeration-3.2.1-cp314-cp314-win_arm64.whl", hash = "sha256:09bf07e74e897e97a49a9275d0a647819254ddb74142806bbbcf4777ed240a22", size = 141334, upload-time = "2025-09-20T07:10:14.637Z" },
]

[[package]]
name = "winrt-windows-devices-radios"
version = "3.2.1"
source = { registry = "https://pypi.org/simple" }
dependencies = [
    { name = "winrt-runtime" },
]
sdist = { url = "https://files.pythonhosted.org/packages/5e/02/9704ea359ad8b0d6faa1011f98fb477e8fb6eac5201f39d19e73c2407e7b/winrt_windows_devices_radios-3.2.1.tar.gz", hash = "sha256:4dc9b9d1501846049eb79428d64ec698d6476c27a357999b78a8331072e18a0b", size = 5908, upload-time = "2025-06-06T14:41:44.868Z" }
wheels = [
    { url = "https://files.pythonhosted.org/packages/76/79/4627afae6b389ddd1e5f1d691663c6b14d6c8f98959082aed1217cc57ef9/winrt_windows_devices_radios-3.2.1-cp314-cp314-win32.whl", hash = "sha256:21452e1cae50e44cd1d5e78159e1b9986ac3389b66458ad89caa196ce5eca2d6", size = 39521, upload-time = "2025-09-20T07:11:17.992Z" },
    { url = "https://files.pythonhosted.org/packages/a7/7c/c6aea91908ee7279ed51d12157bc8aeecb8850af2441073c3c91b261ad31/winrt_windows_devices_radios-3.2.1-cp314-cp314-win_amd64.whl", hash = "sha256:6a8413e586fe597c6849607885cca7e0549da33ae5699165d11f7911534c6eaf", size = 41121, upload-time = "2025-09-20T07:11:18.747Z" },
    { url = "https://files.pythonhosted.org/packages/86/c5/652f14e3c501452ad8e0723518d9bbd729219b47f4a4dbe2966c2f82dca8/winrt_windows_devices_radios-3.2.1-cp314-cp314-win_arm64.whl", hash = "sha256:39129fd9d09103adb003575f59881c1a5a70a43310547850150b46c6f4020312", size = 38114, upload-time = "2025-09-20T07:11:19.599Z" },
]

[[package]]
name = "winrt-windows-foundation"
version = "3.2.1"
source = { registry = "https://pypi.org/simple" }
dependencies = [
    { name = "winrt-runtime" },
]
sdist = { url = "https://files.pythonhosted.org/packages/0c/55/098ce7ea0679efcc1298b269c48768f010b6c68f90c588f654ec874c8a74/winrt_windows_foundation-3.2.1.tar.gz", hash = "sha256:ad2f1fcaa6c34672df45527d7c533731fdf65b67c4638c2b4aca949f6eec0656", size = 30485, upload-time = "2025-06-06T14:41:53.344Z" }
wheels = [
    { url = "https://files.pythonhosted.org/packages/e3/0a/d77346e39fe0c81f718cde49f83fe77c368c0e14c6418f72dfa1e7ef22d0/winrt_windows_foundation-3.2.1-cp314-cp314-win32.whl", hash = "sha256:35e973ab3c77c2a943e139302256c040e017fd6ff1a75911c102964603bba1da", size = 114590, upload-time = "2025-09-20T07:11:49.97Z" },
    { url = "https://files.pythonhosted.org/packages/a1/56/4d2b545bea0f34f68df6d4d4ca22950ff8a935497811dccdc0ca58737a05/winrt_windows_foundation-3.2.1-cp314-cp314-win_amd64.whl", hash = "sha256:a22a7ebcec0d262e60119cff728f32962a02df60471ded8b2735a655eccc0ef5", size = 122148, upload-time = "2025-09-20T07:11:50.826Z" },
    { url = "https://files.pythonhosted.org/packages/ed/ed/b9d3a11cac73444c0a3703200161cd7267dab5ab85fd00e1f965526e74a8/winrt_windows_foundation-3.2.1-cp314-cp314-win_arm64.whl", hash = "sha256:3be7fbae829b98a6a946db4fbaf356b11db1fbcbb5d4f37e7a73ac6b25de8b87", size = 114360, upload-time = "2025-09-20T07:11:51.626Z" },
]

[[package]]
name = "winrt-windows-foundation-collections"
version = "3.2.1"
source = { registry = "https://pypi.org/simple" }
dependencies = [
    { name = "winrt-runtime" },
]
sdist = { url = "https://files.pythonhosted.org/packages/ef/62/d21e3f1eeb8d47077887bbf0c3882c49277a84d8f98f7c12bda64d498a07/winrt_windows_foundation_collections-3.2.1.tar.gz", hash = "sha256:0eff1ad0d8d763ad17e9e7bbd0c26a62b27215016393c05b09b046d6503ae6d5", size = 16043, upload-time = "2025-06-06T14:41:53.983Z" }
wheels = [
    { url = "https://files.pythonhosted.org/packages/e1/47/b3301d964422d4611c181348149a7c5956a2a76e6339de451a000d4ae8e7/winrt_windows_foundation_collections-3.2.1-cp314-cp314-win32.whl", hash = "sha256:33188ed2d63e844c8adfbb82d1d3d461d64aaf78d225ce9c5930421b413c45ab", size = 62211, upload-time = "2025-09-20T07:11:52.411Z" },
    { url = "https://files.pythonhosted.org/packages/20/59/5f2c940ff606297129e93ebd6030c813e6a43a786de7fc33ccb268e0b06b/winrt_windows_foundation_collections-3.2.1-cp314-cp314-win_amd64.whl", hash = "sha256:d4cfece7e9c0ead2941e55a1da82f20d2b9c8003bb7a8853bb7f999b539f80a4", size = 70399, upload-time = "2025-09-20T07:11:53.254Z" },
    { url = "https://files.pythonhosted.org/packages/f8/2d/2c8eb89062c71d4be73d618457ed68e7e2ba29a660ac26349d44fc121cbf/winrt_windows_foundation_collections-3.2.1-cp314-cp314-win_arm64.whl", hash = "sha256:3884146fea13727510458f6a14040b7632d5d90127028b9bfd503c6c655d0c01", size = 61392, upload-time = "2025-09-20T07:11:53.993Z" },
]

[[package]]
name = "winrt-windows-storage-streams"
version = "3.2.1"
source = { registry = "https://pypi.org/simple" }
dependencies = [
    { name = "winrt-runtime" },
]
sdist = { url = "https://files.pythonhosted.org/packages/00/50/f4488b07281566e3850fcae1021f0285c9653992f60a915e15567047db63/winrt_windows_storage_streams-3.2.1.tar.gz", hash = "sha256:476f522722751eb0b571bc7802d85a82a3cae8b1cce66061e6e758f525e7b80f", size = 34335, upload-time = "2025-06-06T14:43:23.905Z" }
wheels = [
    { url = "https://files.pythonhosted.org/packages/55/70/2869ea2112c565caace73c9301afd1d7afcc49bdd37fac058f0178ba95d4/winrt_windows_storage_streams-3.2.1-cp314-cp314-win32.whl", hash = "sha256:5cd0dbad86fcc860366f6515fce97177b7eaa7069da261057be4813819ba37ee", size = 131701, upload-time = "2025-09-20T07:17:16.849Z" },
    { url = "https://files.pythonhosted.org/packages/f4/3d/aae50b1d0e37b5a61055759aedd42c6c99d7c17ab8c3e568ab33c0288938/winrt_windows_storage_streams-3.2.1-cp314-cp314-win_amd64.whl", hash = "sha256:3c5bf41d725369b9986e6d64bad7079372b95c329897d684f955d7028c7f27a0", size = 135566, upload-time = "2025-09-20T07:17:17.69Z" },
    { url = "https://files.pythonhosted.org/packages/bb/c3/6d3ce7a58e6c828e0795c9db8790d0593dd7fdf296e513c999150deb98d4/winrt_windows_storage_streams-3.2.1-cp314-cp314-win_arm64.whl", hash = "sha256:293e09825559d0929bbe5de01e1e115f7a6283d8996ab55652e5af365f032987", size = 134393, upload-time = "2025-09-20T07:17:18.802Z" },
]
