version = 1
revision = 2
requires-python = ">=3.13"

[[package]]
name = "bleak"
version = "1.0.1"
source = { registry = "https://pypi.org/simple" }
dependencies = [
    { name = "dbus-fast", marker = "sys_platform == 'linux'" },
    { name = "pyobjc-core", marker = "sys_platform == 'darwin'" },
    { name = "pyobjc-framework-corebluetooth", marker = "sys_platform == 'darwin'" },
    { name = "pyobjc-framework-libdispatch", marker = "sys_platform == 'darwin'" },
    { name = "winrt-runtime", marker = "sys_platform == 'win32'" },
    { name = "winrt-windows-devices-bluetooth", marker = "sys_platform == 'win32'" },
    { name = "winrt-windows-devices-bluetooth-advertisement", marker = "sys_platform == 'win32'" },
    { name = "winrt-windows-devices-bluetooth-genericattributeprofile", marker = "sys_platform == 'win32'" },
    { name = "winrt-windows-devices-enumeration", marker = "sys_platform == 'win32'" },
    { name = "winrt-windows-foundation", marker = "sys_platform == 'win32'" },
    { name = "winrt-windows-foundation-collections", marker = "sys_platform == 'win32'" },
    { name = "winrt-windows-storage-streams", marker = "sys_platform == 'win32'" },
]
sdist = { url = "https://files.pythonhosted.org/packages/d2/64/84a97528641bf917d0213bb28a1dc0ced916836edc3e342e25c4e8b1a63b/bleak-1.0.1.tar.gz", hash = "sha256:6177487c4eb08743a155e1295ff871eb2a61669b538bdbf35db45ea29cf7a41d", size = 115135, upload-time = "2025-06-30T23:09:17.925Z" }
wheels = [
    { url = "https://files.pythonhosted.org/packages/07/97/98ba9c8f645f0bf6648b4f5bd997170b3f794d9006c20fdbfe0096c803eb/bleak-1.0.1-py3-none-any.whl", hash = "sha256:8f99bcb2fb74950466622b1f932ab661c74dcd48a3d122e95b661aa0705e5a6a", size = 135281, upload-time = "2025-06-30T23:09:16.883Z" },
]

[[package]]
name = "certifi"
version = "2025.7.14"
source = { registry = "https://pypi.org/simple" }
sdist = { url = "https://files.pythonhosted.org/packages/b3/76/52c535bcebe74590f296d6c77c86dabf761c41980e1347a2422e4aa2ae41/certifi-2025.7.14.tar.gz", hash = "sha256:8ea99dbdfaaf2ba2f9bac77b9249ef62ec5218e7c2b2e903378ed5fccf765995", size = 163981, upload-time = "2025-07-14T03:29:28.449Z" }
wheels = [
    { url = "https://files.pythonhosted.org/packages/4f/52/34c6cf5bb9285074dc3531c437b3919e825d976fde097a7a73f79e726d03/certifi-2025.7.14-py3-none-any.whl", hash = "sha256:6b31f564a415d79ee77df69d757bb49a5bb53bd9f756cbbe24394ffd6fc1f4b2", size = 162722, upload-time = "2025-07-14T03:29:26.863Z" },
]

[[package]]
name = "charset-normalizer"
version = "3.4.2"
source = { registry = "https://pypi.org/simple" }
sdist = { url = "https://files.pythonhosted.org/packages/e4/33/89c2ced2b67d1c2a61c19c6751aa8902d46ce3dacb23600a283619f5a12d/charset_normalizer-3.4.2.tar.gz", hash = "sha256:5baececa9ecba31eff645232d59845c07aa030f0c81ee70184a90d35099a0e63", size = 126367, upload-time = "2025-05-02T08:34:42.01Z" }
wheels = [
    { url = "https://files.pythonhosted.org/packages/ea/12/a93df3366ed32db1d907d7593a94f1fe6293903e3e92967bebd6950ed12c/charset_normalizer-3.4.2-cp313-cp313-macosx_10_13_universal2.whl", hash = "sha256:926ca93accd5d36ccdabd803392ddc3e03e6d4cd1cf17deff3b989ab8e9dbcf0", size = 199622, upload-time = "2025-05-02T08:32:56.363Z" },
    { url = "https://files.pythonhosted.org/packages/04/93/bf204e6f344c39d9937d3c13c8cd5bbfc266472e51fc8c07cb7f64fcd2de/charset_normalizer-3.4.2-cp313-cp313-manylinux_2_17_aarch64.manylinux2014_aarch64.whl", hash = "sha256:eba9904b0f38a143592d9fc0e19e2df0fa2e41c3c3745554761c5f6447eedabf", size = 143435, upload-time = "2025-05-02T08:32:58.551Z" },
    { url = "https://files.pythonhosted.org/packages/22/2a/ea8a2095b0bafa6c5b5a55ffdc2f924455233ee7b91c69b7edfcc9e02284/charset_normalizer-3.4.2-cp313-cp313-manylinux_2_17_ppc64le.manylinux2014_ppc64le.whl", hash = "sha256:3fddb7e2c84ac87ac3a947cb4e66d143ca5863ef48e4a5ecb83bd48619e4634e", size = 153653, upload-time = "2025-05-02T08:33:00.342Z" },
    { url = "https://files.pythonhosted.org/packages/b6/57/1b090ff183d13cef485dfbe272e2fe57622a76694061353c59da52c9a659/charset_normalizer-3.4.2-cp313-cp313-manylinux_2_17_s390x.manylinux2014_s390x.whl", hash = "sha256:98f862da73774290f251b9df8d11161b6cf25b599a66baf087c1ffe340e9bfd1", size = 146231, upload-time = "2025-05-02T08:33:02.081Z" },
    { url = "https://files.pythonhosted.org/packages/e2/28/ffc026b26f441fc67bd21ab7f03b313ab3fe46714a14b516f931abe1a2d8/charset_normalizer-3.4.2-cp313-cp313-manylinux_2_17_x86_64.manylinux2014_x86_64.whl", hash = "sha256:6c9379d65defcab82d07b2a9dfbfc2e95bc8fe0ebb1b176a3190230a3ef0e07c", size = 148243, upload-time = "2025-05-02T08:33:04.063Z" },
    { url = "https://files.pythonhosted.org/packages/c0/0f/9abe9bd191629c33e69e47c6ef45ef99773320e9ad8e9cb08b8ab4a8d4cb/charset_normalizer-3.4.2-cp313-cp313-manylinux_2_5_i686.manylinux1_i686.manylinux_2_17_i686.manylinux2014_i686.whl", hash = "sha256:e635b87f01ebc977342e2697d05b56632f5f879a4f15955dfe8cef2448b51691", size = 150442, upload-time = "2025-05-02T08:33:06.418Z" },
    { url = "https://files.pythonhosted.org/packages/67/7c/a123bbcedca91d5916c056407f89a7f5e8fdfce12ba825d7d6b9954a1a3c/charset_normalizer-3.4.2-cp313-cp313-musllinux_1_2_aarch64.whl", hash = "sha256:1c95a1e2902a8b722868587c0e1184ad5c55631de5afc0eb96bc4b0d738092c0", size = 145147, upload-time = "2025-05-02T08:33:08.183Z" },
    { url = "https://files.pythonhosted.org/packages/ec/fe/1ac556fa4899d967b83e9893788e86b6af4d83e4726511eaaad035e36595/charset_normalizer-3.4.2-cp313-cp313-musllinux_1_2_i686.whl", hash = "sha256:ef8de666d6179b009dce7bcb2ad4c4a779f113f12caf8dc77f0162c29d20490b", size = 153057, upload-time = "2025-05-02T08:33:09.986Z" },
    { url = "https://files.pythonhosted.org/packages/2b/ff/acfc0b0a70b19e3e54febdd5301a98b72fa07635e56f24f60502e954c461/charset_normalizer-3.4.2-cp313-cp313-musllinux_1_2_ppc64le.whl", hash = "sha256:32fc0341d72e0f73f80acb0a2c94216bd704f4f0bce10aedea38f30502b271ff", size = 156454, upload-time = "2025-05-02T08:33:11.814Z" },
    { url = "https://files.pythonhosted.org/packages/92/08/95b458ce9c740d0645feb0e96cea1f5ec946ea9c580a94adfe0b617f3573/charset_normalizer-3.4.2-cp313-cp313-musllinux_1_2_s390x.whl", hash = "sha256:289200a18fa698949d2b39c671c2cc7a24d44096784e76614899a7ccf2574b7b", size = 154174, upload-time = "2025-05-02T08:33:13.707Z" },
    { url = "https://files.pythonhosted.org/packages/78/be/8392efc43487ac051eee6c36d5fbd63032d78f7728cb37aebcc98191f1ff/charset_normalizer-3.4.2-cp313-cp313-musllinux_1_2_x86_64.whl", hash = "sha256:4a476b06fbcf359ad25d34a057b7219281286ae2477cc5ff5e3f70a246971148", size = 149166, upload-time = "2025-05-02T08:33:15.458Z" },
    { url = "https://files.pythonhosted.org/packages/44/96/392abd49b094d30b91d9fbda6a69519e95802250b777841cf3bda8fe136c/charset_normalizer-3.4.2-cp313-cp313-win32.whl", hash = "sha256:aaeeb6a479c7667fbe1099af9617c83aaca22182d6cf8c53966491a0f1b7ffb7", size = 98064, upload-time = "2025-05-02T08:33:17.06Z" },
    { url = "https://files.pythonhosted.org/packages/e9/b0/0200da600134e001d91851ddc797809e2fe0ea72de90e09bec5a2fbdaccb/charset_normalizer-3.4.2-cp313-cp313-win_amd64.whl", hash = "sha256:aa6af9e7d59f9c12b33ae4e9450619cf2488e2bbe9b44030905877f0b2324980", size = 105641, upload-time = "2025-05-02T08:33:18.753Z" },
    { url = "https://files.pythonhosted.org/packages/20/94/c5790835a017658cbfabd07f3bfb549140c3ac458cfc196323996b10095a/charset_normalizer-3.4.2-py3-none-any.whl", hash = "sha256:7f56930ab0abd1c45cd15be65cc741c28b1c9a34876ce8c17a2fa107810c0af0", size = 52626, upload-time = "2025-05-02T08:34:40.053Z" },
]

[[package]]
name = "dbus-fast"
version = "2.44.2"
source = { registry = "https://pypi.org/simple" }
sdist = { url = "https://files.pythonhosted.org/packages/64/ad/d8198bfe02788590916aedf439c082e887b05458bf9317c28bbefc69385b/dbus_fast-2.44.2.tar.gz", hash = "sha256:752f355c32e28468ba9f57b509e2694c4ba0d3d55ae6eb0035511c226438eb35", size = 72452, upload-time = "2025-07-22T23:56:44.091Z" }
wheels = [
    { url = "https://files.pythonhosted.org/packages/7f/0d/da2ad66f7b1a6fe9866e6098407af8e4c8b666a56f451208aa7bdb07d379/dbus_fast-2.44.2-cp313-cp313-manylinux_2_17_aarch64.manylinux2014_aarch64.whl", hash = "sha256:fcc5bf32596b0a2de7f3f708745203e1846be35949b621edf03a14732dcf0f8d", size = 835136, upload-time = "2025-07-23T00:11:51.057Z" },
    { url = "https://files.pythonhosted.org/packages/c5/36/4804fa2dc2ad8fd21536638b942928710a8f57985ff0f218bfc37950aed3/dbus_fast-2.44.2-cp313-cp313-manylinux_2_17_i686.manylinux_2_5_i686.manylinux1_i686.manylinux2014_i686.whl", hash = "sha256:95263c7ffb07641341a4d58a0e371d8a5eaac3e05df33b4b6b407166e678594d", size = 905656, upload-time = "2025-07-23T00:11:53.186Z" },
    { url = "https://files.pythonhosted.org/packages/1d/cd/c03134deda9cbb50609056a7e06b65c049e66b9c01ace3bc4079d6ecca43/dbus_fast-2.44.2-cp313-cp313-manylinux_2_17_x86_64.manylinux2014_x86_64.whl", hash = "sha256:1477afc3456a237a68cd1bb0e9d41f8cf721718f564ba92839d0b3db8435d6a4", size = 888549, upload-time = "2025-07-23T00:12:03.862Z" },
    { url = "https://files.pythonhosted.org/packages/ef/80/a822fa4169f75fed6f65dd7ee349139f54ad653d6c0b4cd44f9d7a1d382f/dbus_fast-2.44.2-cp313-cp313-manylinux_2_36_x86_64.whl", hash = "sha256:b697ab2c32937af8ca7ea2029a7f81cea4b560ca6b33d2f10a6d97c897e104ba", size = 891602, upload-time = "2025-07-22T23:56:40.923Z" },
    { url = "https://files.pythonhosted.org/packages/b5/9a/9f00d163a6a0354686186cabdf90cbd2339fcb3f70b8308888f805ad718b/dbus_fast-2.44.2-cp313-cp313-musllinux_1_2_aarch64.whl", hash = "sha256:6b8886ddeb1a8db48490a7609a0559dc27dccd73a62f189ce2cf7f1a96afbcdf", size = 850351, upload-time = "2025-07-23T00:12:06.212Z" },
    { url = "https://files.pythonhosted.org/packages/a9/3a/9c75485b04eaf0113147cd6497e3e0f0658669bc1ba3932f85040db79e2e/dbus_fast-2.44.2-cp313-cp313-musllinux_1_2_i686.whl", hash = "sha256:b6ccd00ae8f42d6d098f8252d56f1101c1a876adda94d1909e6c50ea71f79907", size = 939215, upload-time = "2025-07-23T00:12:07.945Z" },
    { url = "https://files.pythonhosted.org/packages/10/d3/00d73b095c70224a3d5a9971e7d1ce8937f71cc3efa647f8c78def14dcff/dbus_fast-2.44.2-cp313-cp313-musllinux_1_2_x86_64.whl", hash = "sha256:bdf0014cd60a6de1cff80abdd7aa508bfc71bbd9d447bb69c061c6c77173ed13", size = 915915, upload-time = "2025-07-23T00:12:09.65Z" },
]

[[package]]
name = "idna"
version = "3.10"
source = { registry = "https://pypi.org/simple" }
sdist = { url = "https://files.pythonhosted.org/packages/f1/70/7703c29685631f5a7590aa73f1f1d3fa9a380e654b86af429e0934a32f7d/idna-3.10.tar.gz", hash = "sha256:12f65c9b470abda6dc35cf8e63cc574b1c52b11df2c86030af0ac09b01b13ea9", size = 190490, upload-time = "2024-09-15T18:07:39.745Z" }
wheels = [
    { url = "https://files.pythonhosted.org/packages/76/c6/c88e154df9c4e1a2a66ccf0005a88dfb2650c1dffb6f5ce603dfbd452ce3/idna-3.10-py3-none-any.whl", hash = "sha256:946d195a0d259cbba61165e88e65941f16e9b36ea6ddb97f00452bae8b1287d3", size = 70442, upload-time = "2024-09-15T18:07:37.964Z" },
]

[[package]]
name = "logger"
version = "0.1.0"
source = { virtual = "." }
dependencies = [
    { name = "pytz" },
    { name = "requests" },
    { name = "ruuvitag-sensor" },
]

[package.metadata]
requires-dist = [
    { name = "pytz", specifier = ">=2024.2" },
    { name = "requests", specifier = ">=2.32.3" },
    { name = "ruuvitag-sensor", git = "https://github.com/ttu/ruuvitag-sensor.git" },
]

[[package]]
name = "ptyprocess"
version = "0.7.0"
source = { registry = "https://pypi.org/simple" }
sdist = { url = "https://files.pythonhosted.org/packages/20/e5/16ff212c1e452235a90aeb09066144d0c5a6a8c0834397e03f5224495c4e/ptyprocess-0.7.0.tar.gz", hash = "sha256:5c5d0a3b48ceee0b48485e0c26037c0acd7d29765ca3fbb5cb3831d347423220", size = 70762, upload-time = "2020-12-28T15:15:30.155Z" }
wheels = [
    { url = "https://files.pythonhosted.org/packages/22/a6/858897256d0deac81a172289110f31629fc4cee19b6f01283303e18c8db3/ptyprocess-0.7.0-py2.py3-none-any.whl", hash = "sha256:4b41f3967fce3af57cc7e94b888626c18bf37a083e3651ca8feeb66d492fef35", size = 13993, upload-time = "2020-12-28T15:15:28.35Z" },
]

[[package]]
name = "pyobjc-core"
version = "11.1"
source = { registry = "https://pypi.org/simple" }
sdist = { url = "https://files.pythonhosted.org/packages/e8/e9/0b85c81e2b441267bca707b5d89f56c2f02578ef8f3eafddf0e0c0b8848c/pyobjc_core-11.1.tar.gz", hash = "sha256:b63d4d90c5df7e762f34739b39cc55bc63dbcf9fb2fb3f2671e528488c7a87fe", size = 974602, upload-time = "2025-06-14T20:56:34.189Z" }
wheels = [
    { url = "https://files.pythonhosted.org/packages/c5/24/12e4e2dae5f85fd0c0b696404ed3374ea6ca398e7db886d4f1322eb30799/pyobjc_core-11.1-cp313-cp313-macosx_10_13_universal2.whl", hash = "sha256:18986f83998fbd5d3f56d8a8428b2f3e0754fd15cef3ef786ca0d29619024f2c", size = 676431, upload-time = "2025-06-14T20:44:49.908Z" },
    { url = "https://files.pythonhosted.org/packages/f7/79/031492497624de4c728f1857181b06ce8c56444db4d49418fa459cba217c/pyobjc_core-11.1-cp313-cp313t-macosx_10_13_universal2.whl", hash = "sha256:8849e78cfe6595c4911fbba29683decfb0bf57a350aed8a43316976ba6f659d2", size = 719330, upload-time = "2025-06-14T20:44:51.621Z" },
    { url = "https://files.pythonhosted.org/packages/ed/7d/6169f16a0c7ec15b9381f8bf33872baf912de2ef68d96c798ca4c6ee641f/pyobjc_core-11.1-cp314-cp314-macosx_11_0_universal2.whl", hash = "sha256:8cb9ed17a8d84a312a6e8b665dd22393d48336ea1d8277e7ad20c19a38edf731", size = 667203, upload-time = "2025-06-14T20:44:53.262Z" },
    { url = "https://files.pythonhosted.org/packages/49/0f/f5ab2b0e57430a3bec9a62b6153c0e79c05a30d77b564efdb9f9446eeac5/pyobjc_core-11.1-cp314-cp314t-macosx_11_0_universal2.whl", hash = "sha256:f2455683e807f8541f0d83fbba0f5d9a46128ab0d5cc83ea208f0bec759b7f96", size = 708807, upload-time = "2025-06-14T20:44:54.851Z" },
]

[[package]]
name = "pyobjc-framework-cocoa"
version = "11.1"
source = { registry = "https://pypi.org/simple" }
dependencies = [
    { name = "pyobjc-core" },
]
sdist = { url = "https://files.pythonhosted.org/packages/4b/c5/7a866d24bc026f79239b74d05e2cf3088b03263da66d53d1b4cf5207f5ae/pyobjc_framework_cocoa-11.1.tar.gz", hash = "sha256:87df76b9b73e7ca699a828ff112564b59251bb9bbe72e610e670a4dc9940d038", size = 5565335, upload-time = "2025-06-14T20:56:59.683Z" }
wheels = [
    { url = "https://files.pythonhosted.org/packages/4e/0b/a01477cde2a040f97e226f3e15e5ffd1268fcb6d1d664885a95ba592eca9/pyobjc_framework_cocoa-11.1-cp313-cp313-macosx_10_13_universal2.whl", hash = "sha256:54e93e1d9b0fc41c032582a6f0834befe1d418d73893968f3f450281b11603da", size = 389049, upload-time = "2025-06-14T20:46:53.757Z" },
    { url = "https://files.pythonhosted.org/packages/bc/e6/64cf2661f6ab7c124d0486ec6d1d01a9bb2838a0d2a46006457d8c5e6845/pyobjc_framework_cocoa-11.1-cp313-cp313t-macosx_10_13_universal2.whl", hash = "sha256:fd5245ee1997d93e78b72703be1289d75d88ff6490af94462b564892e9266350", size = 393110, upload-time = "2025-06-14T20:46:54.894Z" },
    { url = "https://files.pythonhosted.org/packages/33/87/01e35c5a3c5bbdc93d5925366421e10835fcd7b23347b6c267df1b16d0b3/pyobjc_framework_cocoa-11.1-cp314-cp314-macosx_11_0_universal2.whl", hash = "sha256:aede53a1afc5433e1e7d66568cc52acceeb171b0a6005407a42e8e82580b4fc0", size = 392644, upload-time = "2025-06-14T20:46:56.503Z" },
    { url = "https://files.pythonhosted.org/packages/c1/7c/54afe9ffee547c41e1161691e72067a37ed27466ac71c089bfdcd07ca70d/pyobjc_framework_cocoa-11.1-cp314-cp314t-macosx_11_0_universal2.whl", hash = "sha256:1b5de4e1757bb65689d6dc1f8d8717de9ec8587eb0c4831c134f13aba29f9b71", size = 396742, upload-time = "2025-06-14T20:46:57.64Z" },
]

[[package]]
name = "pyobjc-framework-corebluetooth"
version = "11.1"
source = { registry = "https://pypi.org/simple" }
dependencies = [
    { name = "pyobjc-core" },
    { name = "pyobjc-framework-cocoa" },
]
sdist = { url = "https://files.pythonhosted.org/packages/3d/fe/2081dfd9413b7b4d719935c33762fbed9cce9dc06430f322d1e2c9dbcd91/pyobjc_framework_corebluetooth-11.1.tar.gz", hash = "sha256:1deba46e3fcaf5e1c314f4bbafb77d9fe49ec248c493ad00d8aff2df212d6190", size = 60337, upload-time = "2025-06-14T20:57:05.919Z" }
wheels = [
    { url = "https://files.pythonhosted.org/packages/3e/b5/d07cfa229e3fa0cd1cdaa385774c41907941d25b693cf55ad92e8584a3b3/pyobjc_framework_corebluetooth-11.1-cp313-cp313-macosx_10_13_universal2.whl", hash = "sha256:992404b03033ecf637e9174caed70cb22fd1be2a98c16faa699217678e62a5c7", size = 13179, upload-time = "2025-06-14T20:47:30.376Z" },
    { url = "https://files.pythonhosted.org/packages/7a/10/476bca43002a6d009aed956d5ed3f3867c8d1dcd085dde8989be7020c495/pyobjc_framework_corebluetooth-11.1-cp313-cp313t-macosx_10_13_universal2.whl", hash = "sha256:ebb8648f5e33d98446eb1d6c4654ba4fcc15d62bfcb47fa3bbd5596f6ecdb37c", size = 13358, upload-time = "2025-06-14T20:47:31.114Z" },
    { url = "https://files.pythonhosted.org/packages/b0/49/6c050dffb9acc49129da54718c545bc5062f61a389ebaa4727bc3ef0b5a9/pyobjc_framework_corebluetooth-11.1-cp314-cp314-macosx_11_0_universal2.whl", hash = "sha256:e84cbf52006a93d937b90421ada0bc4a146d6d348eb40ae10d5bd2256cc92206", size = 13245, upload-time = "2025-06-14T20:47:31.939Z" },
    { url = "https://files.pythonhosted.org/packages/36/15/9068e8cb108e19e8e86cbf50026bb4c509d85a5d55e2d4c36e292be94337/pyobjc_framework_corebluetooth-11.1-cp314-cp314t-macosx_11_0_universal2.whl", hash = "sha256:4da1106265d7efd3f726bacdf13ba9528cc380fb534b5af38b22a397e6908291", size = 13439, upload-time = "2025-06-14T20:47:32.66Z" },
]

[[package]]
name = "pyobjc-framework-libdispatch"
version = "11.1"
source = { registry = "https://pypi.org/simple" }
dependencies = [
    { name = "pyobjc-core" },
    { name = "pyobjc-framework-cocoa" },
]
sdist = { url = "https://files.pythonhosted.org/packages/be/89/7830c293ba71feb086cb1551455757f26a7e2abd12f360d375aae32a4d7d/pyobjc_framework_libdispatch-11.1.tar.gz", hash = "sha256:11a704e50a0b7dbfb01552b7d686473ffa63b5254100fdb271a1fe368dd08e87", size = 53942, upload-time = "2025-06-14T20:57:45.903Z" }
wheels = [
    { url = "https://files.pythonhosted.org/packages/0f/10/5851b68cd85b475ff1da08e908693819fd9a4ff07c079da9b0b6dbdaca9c/pyobjc_framework_libdispatch-11.1-cp313-cp313-macosx_10_13_universal2.whl", hash = "sha256:c4e219849f5426745eb429f3aee58342a59f81e3144b37aa20e81dacc6177de1", size = 15648, upload-time = "2025-06-14T20:50:59.809Z" },
    { url = "https://files.pythonhosted.org/packages/1b/79/f905f22b976e222a50d49e85fbd7f32d97e8790dd80a55f3f0c305305c32/pyobjc_framework_libdispatch-11.1-cp313-cp313t-macosx_10_13_universal2.whl", hash = "sha256:a9357736cb47b4a789f59f8fab9b0d10b0a9c84f9876367c398718d3de085888", size = 15912, upload-time = "2025-06-14T20:51:00.572Z" },
    { url = "https://files.pythonhosted.org/packages/ee/b0/225a3645ba2711c3122eec3e857ea003646643b4122bd98db2a8831740ff/pyobjc_framework_libdispatch-11.1-cp314-cp314-macosx_11_0_universal2.whl", hash = "sha256:cd08f32ea7724906ef504a0fd40a32e2a0be4d64b9239530a31767ca9ccfc921", size = 15655, upload-time = "2025-06-14T20:51:01.655Z" },
    { url = "https://files.pythonhosted.org/packages/e2/b5/ff49fb81f13c7ec48cd7ccad66e1986ccc6aa1984e04f4a78074748f7926/pyobjc_framework_libdispatch-11.1-cp314-cp314t-macosx_11_0_universal2.whl", hash = "sha256:5d9985b0e050cae72bf2c6a1cc8180ff4fa3a812cd63b2dc59e09c6f7f6263a1", size = 15920, upload-time = "2025-06-14T20:51:02.407Z" },
]

[[package]]
name = "pytz"
version = "2025.2"
source = { registry = "https://pypi.org/simple" }
sdist = { url = "https://files.pythonhosted.org/packages/f8/bf/abbd3cdfb8fbc7fb3d4d38d320f2441b1e7cbe29be4f23797b4a2b5d8aac/pytz-2025.2.tar.gz", hash = "sha256:360b9e3dbb49a209c21ad61809c7fb453643e048b38924c765813546746e81c3", size = 320884, upload-time = "2025-03-25T02:25:00.538Z" }
wheels = [
    { url = "https://files.pythonhosted.org/packages/81/c4/34e93fe5f5429d7570ec1fa436f1986fb1f00c3e0f43a589fe2bbcd22c3f/pytz-2025.2-py2.py3-none-any.whl", hash = "sha256:5ddf76296dd8c44c26eb8f4b6f35488f3ccbf6fbbd7adee0b7262d43f0ec2f00", size = 509225, upload-time = "2025-03-25T02:24:58.468Z" },
]

[[package]]
name = "reactivex"
version = "4.0.4"
source = { registry = "https://pypi.org/simple" }
dependencies = [
    { name = "typing-extensions" },
]
sdist = { url = "https://files.pythonhosted.org/packages/ef/63/f776322df4d7b456446eff78c4e64f14c3c26d57d46b4e06c18807d5d99c/reactivex-4.0.4.tar.gz", hash = "sha256:e912e6591022ab9176df8348a653fe8c8fa7a301f26f9931c9d8c78a650e04e8", size = 119177, upload-time = "2022-07-16T07:11:53.689Z" }
wheels = [
    { url = "https://files.pythonhosted.org/packages/69/3f/2ed8c1b8fe3fc2ed816ba40554ef703aad8c51700e2606c139fcf9b7f791/reactivex-4.0.4-py3-none-any.whl", hash = "sha256:0004796c420bd9e68aad8e65627d85a8e13f293de76656165dffbcb3a0e3fb6a", size = 217791, upload-time = "2022-07-16T07:11:52.061Z" },
]

[[package]]
name = "requests"
version = "2.32.4"
source = { registry = "https://pypi.org/simple" }
dependencies = [
    { name = "certifi" },
    { name = "charset-normalizer" },
    { name = "idna" },
    { name = "urllib3" },
]
sdist = { url = "https://files.pythonhosted.org/packages/e1/0a/929373653770d8a0d7ea76c37de6e41f11eb07559b103b1c02cafb3f7cf8/requests-2.32.4.tar.gz", hash = "sha256:27d0316682c8a29834d3264820024b62a36942083d52caf2f14c0591336d3422", size = 135258, upload-time = "2025-06-09T16:43:07.34Z" }
wheels = [
    { url = "https://files.pythonhosted.org/packages/7c/e4/56027c4a6b4ae70ca9de302488c5ca95ad4a39e190093d6c1a8ace08341b/requests-2.32.4-py3-none-any.whl", hash = "sha256:27babd3cda2a6d50b30443204ee89830707d396671944c998b5975b031ac2b2c", size = 64847, upload-time = "2025-06-09T16:43:05.728Z" },
]

[[package]]
name = "ruuvitag-sensor"
version = "3.1.0"
source = { git = "https://github.com/ttu/ruuvitag-sensor.git#3281e23f961185cc3f43fe104f662189fd5197d4" }
dependencies = [
    { name = "bleak" },
    { name = "ptyprocess", marker = "sys_platform == 'linux'" },
    { name = "reactivex" },
]

[[package]]
name = "typing-extensions"
version = "4.14.1"
source = { registry = "https://pypi.org/simple" }
sdist = { url = "https://files.pythonhosted.org/packages/98/5a/da40306b885cc8c09109dc2e1abd358d5684b1425678151cdaed4731c822/typing_extensions-4.14.1.tar.gz", hash = "sha256:38b39f4aeeab64884ce9f74c94263ef78f3c22467c8724005483154c26648d36", size = 107673, upload-time = "2025-07-04T13:28:34.16Z" }
wheels = [
    { url = "https://files.pythonhosted.org/packages/b5/00/d631e67a838026495268c2f6884f3711a15a9a2a96cd244fdaea53b823fb/typing_extensions-4.14.1-py3-none-any.whl", hash = "sha256:d1e1e3b58374dc93031d6eda2420a48ea44a36c2b4766a4fdeb3710755731d76", size = 43906, upload-time = "2025-07-04T13:28:32.743Z" },
]

[[package]]
name = "urllib3"
version = "2.5.0"
source = { registry = "https://pypi.org/simple" }
sdist = { url = "https://files.pythonhosted.org/packages/15/22/9ee70a2574a4f4599c47dd506532914ce044817c7752a79b6a51286319bc/urllib3-2.5.0.tar.gz", hash = "sha256:3fc47733c7e419d4bc3f6b3dc2b4f890bb743906a30d56ba4a5bfa4bbff92760", size = 393185, upload-time = "2025-06-18T14:07:41.644Z" }
wheels = [
    { url = "https://files.pythonhosted.org/packages/a7/c2/fe1e52489ae3122415c51f387e221dd0773709bad6c6cdaa599e8a2c5185/urllib3-2.5.0-py3-none-any.whl", hash = "sha256:e6b01673c0fa6a13e374b50871808eb3bf7046c4b125b216f6bf1cc604cff0dc", size = 129795, upload-time = "2025-06-18T14:07:40.39Z" },
]

[[package]]
name = "winrt-runtime"
version = "3.2.1"
source = { registry = "https://pypi.org/simple" }
dependencies = [
    { name = "typing-extensions" },
]
sdist = { url = "https://files.pythonhosted.org/packages/16/dd/acdd527c1d890c8f852cc2af644aa6c160974e66631289420aa871b05e65/winrt_runtime-3.2.1.tar.gz", hash = "sha256:c8dca19e12b234ae6c3dadf1a4d0761b51e708457492c13beb666556958801ea", size = 21721, upload-time = "2025-06-06T14:40:27.593Z" }
wheels = [
    { url = "https://files.pythonhosted.org/packages/79/d4/1a555d8bdcb8b920f8e896232c82901cc0cda6d3e4f92842199ae7dff70a/winrt_runtime-3.2.1-cp313-cp313-win32.whl", hash = "sha256:44e2733bc709b76c554aee6c7fe079443b8306b2e661e82eecfebe8b9d71e4d1", size = 210022, upload-time = "2025-06-06T06:44:11.767Z" },
    { url = "https://files.pythonhosted.org/packages/aa/24/2b6e536ca7745d788dfd17a2ec376fa03a8c7116dc638bb39b035635484f/winrt_runtime-3.2.1-cp313-cp313-win_amd64.whl", hash = "sha256:3c1fdcaeedeb2920dc3b9039db64089a6093cad2be56a3e64acc938849245a6d", size = 241349, upload-time = "2025-06-06T06:44:12.661Z" },
    { url = "https://files.pythonhosted.org/packages/d4/7f/6d72973279e2929b2a71ed94198ad4a5d63ee2936e91a11860bf7b431410/winrt_runtime-3.2.1-cp313-cp313-win_arm64.whl", hash = "sha256:28f3dab083412625ff4d2b46e81246932e6bebddf67bea7f05e01712f54e6159", size = 415126, upload-time = "2025-06-06T06:44:13.702Z" },
]

[[package]]
name = "winrt-windows-devices-bluetooth"
version = "3.2.1"
source = { registry = "https://pypi.org/simple" }
dependencies = [
    { name = "winrt-runtime" },
]
sdist = { url = "https://files.pythonhosted.org/packages/b2/a0/1c8a0c469abba7112265c6cb52f0090d08a67c103639aee71fc690e614b8/winrt_windows_devices_bluetooth-3.2.1.tar.gz", hash = "sha256:db496d2d92742006d5a052468fc355bf7bb49e795341d695c374746113d74505", size = 23732, upload-time = "2025-06-06T14:41:20.489Z" }
wheels = [
    { url = "https://files.pythonhosted.org/packages/d4/cc/797516c5c0f8d7f5b680862e0ed7c1087c58aec0bcf57a417fa90f7eb983/winrt_windows_devices_bluetooth-3.2.1-cp313-cp313-win32.whl", hash = "sha256:12b0a16fb36ce0b42243ca81f22a6b53fbb344ed7ea07a6eeec294604f0505e4", size = 105757, upload-time = "2025-06-06T07:00:13.269Z" },
    { url = "https://files.pythonhosted.org/packages/05/6d/f60588846a065e69a2ec5e67c5f85eb45cb7edef2ee8974cd52fa8504de6/winrt_windows_devices_bluetooth-3.2.1-cp313-cp313-win_amd64.whl", hash = "sha256:6703dfbe444ee22426738830fb305c96a728ea9ccce905acfdf811d81045fdb3", size = 113363, upload-time = "2025-06-06T07:00:14.135Z" },
    { url = "https://files.pythonhosted.org/packages/2c/13/2d3c4762018b26a9f66879676ea15d7551cdbf339c8e8e0c56ea05ea31ef/winrt_windows_devices_bluetooth-3.2.1-cp313-cp313-win_arm64.whl", hash = "sha256:2cf8a0bfc9103e32dc7237af15f84be06c791f37711984abdca761f6318bbdb2", size = 104722, upload-time = "2025-06-06T07:00:14.999Z" },
]

[[package]]
name = "winrt-windows-devices-bluetooth-advertisement"
version = "3.2.1"
source = { registry = "https://pypi.org/simple" }
dependencies = [
    { name = "winrt-runtime" },
]
sdist = { url = "https://files.pythonhosted.org/packages/06/fc/7ffe66ca4109b9e994b27c00f3d2d506e6e549e268791f755287ad9106d8/winrt_windows_devices_bluetooth_advertisement-3.2.1.tar.gz", hash = "sha256:0223852a7b7fa5c8dea3c6a93473bd783df4439b1ed938d9871f947933e574cc", size = 16906, upload-time = "2025-06-06T14:41:21.448Z" }
wheels = [
    { url = "https://files.pythonhosted.org/packages/34/01/8fc8e57605ea08dd0723c035ed0c2d0435dace2bc80a66d33aecfea49a56/winrt_windows_devices_bluetooth_advertisement-3.2.1-cp313-cp313-win32.whl", hash = "sha256:4122348ea525a914e85615647a0b54ae8b2f42f92cdbf89c5a12eea53ef6ed90", size = 90037, upload-time = "2025-06-06T07:00:25.818Z" },
    { url = "https://files.pythonhosted.org/packages/86/83/503cf815d84c5ba8c8bc61480f32e55579ebf76630163405f7df39aa297b/winrt_windows_devices_bluetooth_advertisement-3.2.1-cp313-cp313-win_amd64.whl", hash = "sha256:b66410c04b8dae634a7e4b615c3b7f8adda9c7d4d6902bcad5b253da1a684943", size = 95822, upload-time = "2025-06-06T07:00:26.666Z" },
    { url = "https://files.pythonhosted.org/packages/32/13/052be8b6642e6f509b30c194312b37bfee8b6b60ac3bd5ca2968c3ea5b80/winrt_windows_devices_bluetooth_advertisement-3.2.1-cp313-cp313-win_arm64.whl", hash = "sha256:07af19b1d252ddb9dd3eb2965118bc2b7cabff4dda6e499341b765e5038ca61d", size = 89326, upload-time = "2025-06-06T07:00:27.477Z" },
]

[[package]]
name = "winrt-windows-devices-bluetooth-genericattributeprofile"
version = "3.2.1"
source = { registry = "https://pypi.org/simple" }
dependencies = [
    { name = "winrt-runtime" },
]
sdist = { url = "https://files.pythonhosted.org/packages/44/21/aeeddc0eccdfbd25e543360b5cc093233e2eab3cdfb53ad3cabae1b5d04d/winrt_windows_devices_bluetooth_genericattributeprofile-3.2.1.tar.gz", hash = "sha256:cdf6ddc375e9150d040aca67f5a17c41ceaf13a63f3668f96608bc1d045dde71", size = 38896, upload-time = "2025-06-06T14:41:22.687Z" }
wheels = [
    { url = "https://files.pythonhosted.org/packages/ec/93/30b45ce473d1a604908221a1fa035fe8d5e4bb9008e820ae671a21dab94c/winrt_windows_devices_bluetooth_genericattributeprofile-3.2.1-cp313-cp313-win32.whl", hash = "sha256:b1879c8dcf46bd2110b9ad4b0b185f4e2a5f95170d014539203a5fee2b2115f0", size = 183342, upload-time = "2025-06-06T07:00:56.16Z" },
    { url = "https://files.pythonhosted.org/packages/5b/3b/eb9d99b82a36002d7885206d00ea34f4a23db69c16c94816434ded728fa3/winrt_windows_devices_bluetooth_genericattributeprofile-3.2.1-cp313-cp313-win_amd64.whl", hash = "sha256:8d8d89f01e9b6931fb48217847caac3227a0aeb38a5b7782af71c2e7b262ec30", size = 187844, upload-time = "2025-06-06T07:00:57.134Z" },
    { url = "https://files.pythonhosted.org/packages/84/9b/ebbbe9be9a3e640dcfc5f166eb48f2f9d8ce42553f83aa9f4c5dcd9eb5f5/winrt_windows_devices_bluetooth_genericattributeprofile-3.2.1-cp313-cp313-win_arm64.whl", hash = "sha256:4e71207bb89798016b1795bb15daf78afe45529f2939b3b9e78894cfe650b383", size = 184540, upload-time = "2025-06-06T07:00:58.081Z" },
]

[[package]]
name = "winrt-windows-devices-enumeration"
version = "3.2.1"
source = { registry = "https://pypi.org/simple" }
dependencies = [
    { name = "winrt-runtime" },
]
sdist = { url = "https://files.pythonhosted.org/packages/9e/dd/75835bfbd063dffa152109727dedbd80f6e92ea284855f7855d48cdf31c9/winrt_windows_devices_enumeration-3.2.1.tar.gz", hash = "sha256:df316899e39bfc0ffc1f3cb0f5ee54d04e1d167fbbcc1484d2d5121449a935cf", size = 23538, upload-time = "2025-06-06T14:41:26.787Z" }
wheels = [
    { url = "https://files.pythonhosted.org/packages/ff/7d/ebd712ab8ccd599c593796fbcd606abe22b5a8e20db134aa87987d67ac0e/winrt_windows_devices_enumeration-3.2.1-cp313-cp313-win32.whl", hash = "sha256:14a71cdcc84f624c209cbb846ed6bd9767a9a9437b2bf26b48ac9a91599da6e9", size = 130276, upload-time = "2025-06-06T07:02:05.178Z" },
    { url = "https://files.pythonhosted.org/packages/70/de/f30daaaa0e6f4edb6bd7ddb3e058bd453c9ad90c032a4545c4d4639338aa/winrt_windows_devices_enumeration-3.2.1-cp313-cp313-win_amd64.whl", hash = "sha256:6ca40d334734829e178ad46375275c4f7b5d6d2d4fc2e8879690452cbfb36015", size = 141536, upload-time = "2025-06-06T07:02:06.067Z" },
    { url = "https://files.pythonhosted.org/packages/75/4b/9a6aafdc74a085c550641a325be463bf4b811f6f605766c9cd4f4b5c19d2/winrt_windows_devices_enumeration-3.2.1-cp313-cp313-win_arm64.whl", hash = "sha256:2d14d187f43e4409c7814b7d1693c03a270e77489b710d92fcbbaeca5de260d4", size = 135362, upload-time = "2025-06-06T07:02:06.997Z" },
]

[[package]]
name = "winrt-windows-foundation"
version = "3.2.1"
source = { registry = "https://pypi.org/simple" }
dependencies = [
    { name = "winrt-runtime" },
]
sdist = { url = "https://files.pythonhosted.org/packages/0c/55/098ce7ea0679efcc1298b269c48768f010b6c68f90c588f654ec874c8a74/winrt_windows_foundation-3.2.1.tar.gz", hash = "sha256:ad2f1fcaa6c34672df45527d7c533731fdf65b67c4638c2b4aca949f6eec0656", size = 30485, upload-time = "2025-06-06T14:41:53.344Z" }
wheels = [
    { url = "https://files.pythonhosted.org/packages/7b/71/5e87131e4aecc8546c76b9e190bfe4e1292d028bda3f9dd03b005d19c76c/winrt_windows_foundation-3.2.1-cp313-cp313-win32.whl", hash = "sha256:3998dc58ed50ecbdbabace1cdef3a12920b725e32a5806d648ad3f4829d5ba46", size = 112184, upload-time = "2025-06-06T07:11:04.459Z" },
    { url = "https://files.pythonhosted.org/packages/ba/7f/8d5108461351d4f6017f550af8874e90c14007f9122fa2eab9f9e0e9b4e1/winrt_windows_foundation-3.2.1-cp313-cp313-win_amd64.whl", hash = "sha256:6e98617c1e46665c7a56ce3f5d28e252798416d1ebfee3201267a644a4e3c479", size = 118672, upload-time = "2025-06-06T07:11:05.55Z" },
    { url = "https://files.pythonhosted.org/packages/44/f5/2edf70922a3d03500dab17121b90d368979bd30016f6dbca0d043f0c71f1/winrt_windows_foundation-3.2.1-cp313-cp313-win_arm64.whl", hash = "sha256:2a8c1204db5c352f6a563130a5a41d25b887aff7897bb677d4ff0b660315aad4", size = 109673, upload-time = "2025-06-06T07:11:06.398Z" },
]

[[package]]
name = "winrt-windows-foundation-collections"
version = "3.2.1"
source = { registry = "https://pypi.org/simple" }
dependencies = [
    { name = "winrt-runtime" },
]
sdist = { url = "https://files.pythonhosted.org/packages/ef/62/d21e3f1eeb8d47077887bbf0c3882c49277a84d8f98f7c12bda64d498a07/winrt_windows_foundation_collections-3.2.1.tar.gz", hash = "sha256:0eff1ad0d8d763ad17e9e7bbd0c26a62b27215016393c05b09b046d6503ae6d5", size = 16043, upload-time = "2025-06-06T14:41:53.983Z" }
wheels = [
    { url = "https://files.pythonhosted.org/packages/a6/cd/99ef050d80bea2922fa1ded93e5c250732634095d8bd3595dd808083e5ca/winrt_windows_foundation_collections-3.2.1-cp313-cp313-win32.whl", hash = "sha256:4267a711b63476d36d39227883aeb3fb19ac92b88a9fc9973e66fbce1fd4aed9", size = 60063, upload-time = "2025-06-06T07:11:18.65Z" },
    { url = "https://files.pythonhosted.org/packages/94/93/4f75fd6a4c96f1e9bee198c5dc9a9b57e87a9c38117e1b5e423401886353/winrt_windows_foundation_collections-3.2.1-cp313-cp313-win_amd64.whl", hash = "sha256:5e12a6e75036ee90484c33e204b85fb6785fcc9e7c8066ad65097301f48cdd10", size = 69057, upload-time = "2025-06-06T07:11:19.446Z" },
    { url = "https://files.pythonhosted.org/packages/40/76/de47ccc390017ec5575e7e7fd9f659ee3747c52049cdb2969b1b538ce947/winrt_windows_foundation_collections-3.2.1-cp313-cp313-win_arm64.whl", hash = "sha256:34b556255562f1b36d07fba933c2bcd9f0db167fa96727a6cbb4717b152ad7a2", size = 58792, upload-time = "2025-06-06T07:11:20.24Z" },
]

[[package]]
name = "winrt-windows-storage-streams"
version = "3.2.1"
source = { registry = "https://pypi.org/simple" }
dependencies = [
    { name = "winrt-runtime" },
]
sdist = { url = "https://files.pythonhosted.org/packages/00/50/f4488b07281566e3850fcae1021f0285c9653992f60a915e15567047db63/winrt_windows_storage_streams-3.2.1.tar.gz", hash = "sha256:476f522722751eb0b571bc7802d85a82a3cae8b1cce66061e6e758f525e7b80f", size = 34335, upload-time = "2025-06-06T14:43:23.905Z" }
wheels = [
    { url = "https://files.pythonhosted.org/packages/d9/d2/24d9f59bdc05e741261d5bec3bcea9a848d57714126a263df840e2b515a8/winrt_windows_storage_streams-3.2.1-cp313-cp313-win32.whl", hash = "sha256:401bb44371720dc43bd1e78662615a2124372e7d5d9d65dfa8f77877bbcb8163", size = 127774, upload-time = "2025-06-06T14:02:04.752Z" },
    { url = "https://files.pythonhosted.org/packages/15/59/601724453b885265c7779d5f8025b043a68447cbc64ceb9149d674d5b724/winrt_windows_storage_streams-3.2.1-cp313-cp313-win_amd64.whl", hash = "sha256:202c5875606398b8bfaa2a290831458bb55f2196a39c1d4e5fa88a03d65ef915", size = 131827, upload-time = "2025-06-06T14:02:05.601Z" },
    { url = "https://files.pythonhosted.org/packages/fb/c2/a419675a6087c9ea496968c9b7805ef234afa585b7483e2269608a12b044/winrt_windows_storage_streams-3.2.1-cp313-cp313-win_arm64.whl", hash = "sha256:ca3c5ec0aab60895006bf61053a1aca6418bc7f9a27a34791ba3443b789d230d", size = 128180, upload-time = "2025-06-06T14:02:06.759Z" },
]
