{
    "_meta": {
        "hash": {
            "sha256": "2858f55a752f2f80607ef15d84a300db99a254623100925516540c32ccec1116"
        },
        "pipfile-spec": 6,
        "requires": {
            "python_version": "3.9"
        },
        "sources": [
            {
                "name": "pypi",
                "url": "https://pypi.org/simple",
                "verify_ssl": true
            }
        ]
    },
    "default": {
        "psycopg": {
            "extras": [
                "c"
            ],
            "hashes": [
                "sha256:78287732c9f9d86d669dd675c1faae9b692ef951ec04d91b928a3bf165a77dce",
                "sha256:d38f3d87c9e0f1d95595066d24b2d62f84f7fe3d385a9c483e6d8170e75026e5"
            ],
            "index": "pypi",
            "version": "==3.0.13"
        },
        "psycopg-c": {
            "hashes": [
                "sha256:fd568cc9fef37e978223f409f3d9f2fb67e192a799bcb88b8da27cb6e8ee6848"
            ],
            "version": "==3.0.13"
        }
    },
    "develop": {}
}
