{
    "_meta": {
        "hash": {
            "sha256": "0fb53ea5a6434acceb19724dbaea0dfdedeb2cb4810d8121b4af35f4ccf2db36"
        },
        "pipfile-spec": 6,
        "requires": {
            "python_version": "3.9"
        },
        "sources": [
            {
                "name": "pypi",
                "url": "https://pypi.org/simple",
                "verify_ssl": true
            }
        ]
    },
    "default": {
        "psycopg": {
            "extras": [
                "c"
            ],
            "hashes": [
                "sha256:6d7099b7dd940341d8e9e52e346d194fc94e39faa19d91b36110ca8215c3bf36",
                "sha256:9da6b46170dd78e2c5e072ac380a7c89b2af3381c20383118ef5bc66610e77f8"
            ],
            "index": "pypi",
            "version": "==3.0.14"
        },
        "psycopg-c": {
            "hashes": [
                "sha256:17ad0dee7ec26ef46686beafd65e57c9bf7153f8cd0273d8c140a689de8c0c62"
            ],
            "version": "==3.0.14"
        }
    },
    "develop": {}
}
