version = 1
revision = 1
requires-python = ">=3.13"

[[package]]
name = "certifi"
version = "2025.1.31"
source = { registry = "https://pypi.org/simple" }
sdist = { url = "https://files.pythonhosted.org/packages/1c/ab/c9f1e32b7b1bf505bf26f0ef697775960db7932abeb7b516de930ba2705f/certifi-2025.1.31.tar.gz", hash = "sha256:3d5da6925056f6f18f119200434a4780a94263f10d1c21d032a6f6b2baa20651", size = 167577 }
wheels = [
    { url = "https://files.pythonhosted.org/packages/38/fc/bce832fd4fd99766c04d1ee0eead6b0ec6486fb100ae5e74c1d91292b982/certifi-2025.1.31-py3-none-any.whl", hash = "sha256:ca78db4565a652026a4db2bcdf68f2fb589ea80d0be70e03929ed730746b84fe", size = 166393 },
]

[[package]]
name = "charset-normalizer"
version = "3.4.1"
source = { registry = "https://pypi.org/simple" }
sdist = { url = "https://files.pythonhosted.org/packages/16/b0/572805e227f01586461c80e0fd25d65a2115599cc9dad142fee4b747c357/charset_normalizer-3.4.1.tar.gz", hash = "sha256:44251f18cd68a75b56585dd00dae26183e102cd5e0f9f1466e6df5da2ed64ea3", size = 123188 }
wheels = [
    { url = "https://files.pythonhosted.org/packages/38/94/ce8e6f63d18049672c76d07d119304e1e2d7c6098f0841b51c666e9f44a0/charset_normalizer-3.4.1-cp313-cp313-macosx_10_13_universal2.whl", hash = "sha256:aabfa34badd18f1da5ec1bc2715cadc8dca465868a4e73a0173466b688f29dda", size = 195698 },
    { url = "https://files.pythonhosted.org/packages/24/2e/dfdd9770664aae179a96561cc6952ff08f9a8cd09a908f259a9dfa063568/charset_normalizer-3.4.1-cp313-cp313-manylinux_2_17_aarch64.manylinux2014_aarch64.whl", hash = "sha256:22e14b5d70560b8dd51ec22863f370d1e595ac3d024cb8ad7d308b4cd95f8313", size = 140162 },
    { url = "https://files.pythonhosted.org/packages/24/4e/f646b9093cff8fc86f2d60af2de4dc17c759de9d554f130b140ea4738ca6/charset_normalizer-3.4.1-cp313-cp313-manylinux_2_17_ppc64le.manylinux2014_ppc64le.whl", hash = "sha256:8436c508b408b82d87dc5f62496973a1805cd46727c34440b0d29d8a2f50a6c9", size = 150263 },
    { url = "https://files.pythonhosted.org/packages/5e/67/2937f8d548c3ef6e2f9aab0f6e21001056f692d43282b165e7c56023e6dd/charset_normalizer-3.4.1-cp313-cp313-manylinux_2_17_s390x.manylinux2014_s390x.whl", hash = "sha256:2d074908e1aecee37a7635990b2c6d504cd4766c7bc9fc86d63f9c09af3fa11b", size = 142966 },
    { url = "https://files.pythonhosted.org/packages/52/ed/b7f4f07de100bdb95c1756d3a4d17b90c1a3c53715c1a476f8738058e0fa/charset_normalizer-3.4.1-cp313-cp313-manylinux_2_17_x86_64.manylinux2014_x86_64.whl", hash = "sha256:955f8851919303c92343d2f66165294848d57e9bba6cf6e3625485a70a038d11", size = 144992 },
    { url = "https://files.pythonhosted.org/packages/96/2c/d49710a6dbcd3776265f4c923bb73ebe83933dfbaa841c5da850fe0fd20b/charset_normalizer-3.4.1-cp313-cp313-manylinux_2_5_i686.manylinux1_i686.manylinux_2_17_i686.manylinux2014_i686.whl", hash = "sha256:44ecbf16649486d4aebafeaa7ec4c9fed8b88101f4dd612dcaf65d5e815f837f", size = 147162 },
    { url = "https://files.pythonhosted.org/packages/b4/41/35ff1f9a6bd380303dea55e44c4933b4cc3c4850988927d4082ada230273/charset_normalizer-3.4.1-cp313-cp313-musllinux_1_2_aarch64.whl", hash = "sha256:0924e81d3d5e70f8126529951dac65c1010cdf117bb75eb02dd12339b57749dd", size = 140972 },
    { url = "https://files.pythonhosted.org/packages/fb/43/c6a0b685fe6910d08ba971f62cd9c3e862a85770395ba5d9cad4fede33ab/charset_normalizer-3.4.1-cp313-cp313-musllinux_1_2_i686.whl", hash = "sha256:2967f74ad52c3b98de4c3b32e1a44e32975e008a9cd2a8cc8966d6a5218c5cb2", size = 149095 },
    { url = "https://files.pythonhosted.org/packages/4c/ff/a9a504662452e2d2878512115638966e75633519ec11f25fca3d2049a94a/charset_normalizer-3.4.1-cp313-cp313-musllinux_1_2_ppc64le.whl", hash = "sha256:c75cb2a3e389853835e84a2d8fb2b81a10645b503eca9bcb98df6b5a43eb8886", size = 152668 },
    { url = "https://files.pythonhosted.org/packages/6c/71/189996b6d9a4b932564701628af5cee6716733e9165af1d5e1b285c530ed/charset_normalizer-3.4.1-cp313-cp313-musllinux_1_2_s390x.whl", hash = "sha256:09b26ae6b1abf0d27570633b2b078a2a20419c99d66fb2823173d73f188ce601", size = 150073 },
    { url = "https://files.pythonhosted.org/packages/e4/93/946a86ce20790e11312c87c75ba68d5f6ad2208cfb52b2d6a2c32840d922/charset_normalizer-3.4.1-cp313-cp313-musllinux_1_2_x86_64.whl", hash = "sha256:fa88b843d6e211393a37219e6a1c1df99d35e8fd90446f1118f4216e307e48cd", size = 145732 },
    { url = "https://files.pythonhosted.org/packages/cd/e5/131d2fb1b0dddafc37be4f3a2fa79aa4c037368be9423061dccadfd90091/charset_normalizer-3.4.1-cp313-cp313-win32.whl", hash = "sha256:eb8178fe3dba6450a3e024e95ac49ed3400e506fd4e9e5c32d30adda88cbd407", size = 95391 },
    { url = "https://files.pythonhosted.org/packages/27/f2/4f9a69cc7712b9b5ad8fdb87039fd89abba997ad5cbe690d1835d40405b0/charset_normalizer-3.4.1-cp313-cp313-win_amd64.whl", hash = "sha256:b1ac5992a838106edb89654e0aebfc24f5848ae2547d22c2c3f66454daa11971", size = 102702 },
    { url = "https://files.pythonhosted.org/packages/0e/f6/65ecc6878a89bb1c23a086ea335ad4bf21a588990c3f535a227b9eea9108/charset_normalizer-3.4.1-py3-none-any.whl", hash = "sha256:d98b1668f06378c6dbefec3b92299716b931cd4e6061f3c875a71ced1780ab85", size = 49767 },
]

[[package]]
name = "electricity-price"
version = "0.1.0"
source = { virtual = "." }
dependencies = [
    { name = "nordpool" },
    { name = "psycopg", extra = ["binary"] },
]

[package.metadata]
requires-dist = [
    { name = "nordpool", specifier = ">=0.4.3" },
    { name = "psycopg", extras = ["binary"], specifier = ">=3.2.3" },
]

[[package]]
name = "idna"
version = "3.10"
source = { registry = "https://pypi.org/simple" }
sdist = { url = "https://files.pythonhosted.org/packages/f1/70/7703c29685631f5a7590aa73f1f1d3fa9a380e654b86af429e0934a32f7d/idna-3.10.tar.gz", hash = "sha256:12f65c9b470abda6dc35cf8e63cc574b1c52b11df2c86030af0ac09b01b13ea9", size = 190490 }
wheels = [
    { url = "https://files.pythonhosted.org/packages/76/c6/c88e154df9c4e1a2a66ccf0005a88dfb2650c1dffb6f5ce603dfbd452ce3/idna-3.10-py3-none-any.whl", hash = "sha256:946d195a0d259cbba61165e88e65941f16e9b36ea6ddb97f00452bae8b1287d3", size = 70442 },
]

[[package]]
name = "nordpool"
version = "0.4.5"
source = { registry = "https://pypi.org/simple" }
dependencies = [
    { name = "python-dateutil" },
    { name = "pytz" },
    { name = "requests" },
]
sdist = { url = "https://files.pythonhosted.org/packages/ed/ed/e962f16199aa016c9411f14979081e6f81cb0f3fa26f8aee3013ef71f368/nordpool-0.4.5.tar.gz", hash = "sha256:ab6daef7277bda809d5e12c04f812df852706f3222fe197563b2914dbf5bef27", size = 4527 }
wheels = [
    { url = "https://files.pythonhosted.org/packages/0c/17/716b8386dcb27b5380448b9f42828f853d4e11291305671622c42f18740b/nordpool-0.4.5-py3-none-any.whl", hash = "sha256:8751a92b6f970f76f488d8fac1480cf39baf1eb1a0ff45b07fbd1d92cfb2ed09", size = 5146 },
]

[[package]]
name = "psycopg"
version = "3.2.6"
source = { registry = "https://pypi.org/simple" }
dependencies = [
    { name = "tzdata", marker = "sys_platform == 'win32'" },
]
sdist = { url = "https://files.pythonhosted.org/packages/67/97/eea08f74f1c6dd2a02ee81b4ebfe5b558beb468ebbd11031adbf58d31be0/psycopg-3.2.6.tar.gz", hash = "sha256:16fa094efa2698f260f2af74f3710f781e4a6f226efe9d1fd0c37f384639ed8a", size = 156322 }
wheels = [
    { url = "https://files.pythonhosted.org/packages/d7/7d/0ba52deff71f65df8ec8038adad86ba09368c945424a9bd8145d679a2c6a/psycopg-3.2.6-py3-none-any.whl", hash = "sha256:f3ff5488525890abb0566c429146add66b329e20d6d4835662b920cbbf90ac58", size = 199077 },
]

[package.optional-dependencies]
binary = [
    { name = "psycopg-binary", marker = "implementation_name != 'pypy'" },
]

[[package]]
name = "psycopg-binary"
version = "3.2.6"
source = { registry = "https://pypi.org/simple" }
wheels = [
    { url = "https://files.pythonhosted.org/packages/bf/32/3d06c478fd3070ac25a49c2e8ca46b6d76b0048fa9fa255b99ee32f32312/psycopg_binary-3.2.6-cp313-cp313-macosx_10_13_x86_64.whl", hash = "sha256:54af3fbf871baa2eb19df96fd7dc0cbd88e628a692063c3d1ab5cdd00aa04322", size = 3852672 },
    { url = "https://files.pythonhosted.org/packages/34/97/e581030e279500ede3096adb510f0e6071874b97cfc047a9a87b7d71fc77/psycopg_binary-3.2.6-cp313-cp313-macosx_11_0_arm64.whl", hash = "sha256:ad5da1e4636776c21eaeacdec42f25fa4612631a12f25cd9ab34ddf2c346ffb9", size = 3936562 },
    { url = "https://files.pythonhosted.org/packages/74/b6/6a8df4cb23c3d327403a83406c06c9140f311cb56c4e4d720ee7abf6fddc/psycopg_binary-3.2.6-cp313-cp313-manylinux_2_17_aarch64.manylinux2014_aarch64.whl", hash = "sha256:f7956b9ea56f79cd86eddcfbfc65ae2af1e4fe7932fa400755005d903c709370", size = 4499167 },
    { url = "https://files.pythonhosted.org/packages/e4/5b/950eafef61e5e0b8ddb5afc5b6b279756411aa4bf70a346a6f091ad679bb/psycopg_binary-3.2.6-cp313-cp313-manylinux_2_17_i686.manylinux2014_i686.whl", hash = "sha256:1e2efb763188008cf2914820dcb9fb23c10fe2be0d2c97ef0fac7cec28e281d8", size = 4311651 },
    { url = "https://files.pythonhosted.org/packages/72/b9/b366c49afc854c26b3053d4d35376046eea9aebdc48ded18ea249ea1f80c/psycopg_binary-3.2.6-cp313-cp313-manylinux_2_17_ppc64le.manylinux2014_ppc64le.whl", hash = "sha256:4b3aab3451679f1e7932270e950259ed48c3b79390022d3f660491c0e65e4838", size = 4547852 },
    { url = "https://files.pythonhosted.org/packages/ab/d4/0e047360e2ea387dc7171ca017ffcee5214a0762f74b9dd982035f2e52fb/psycopg_binary-3.2.6-cp313-cp313-manylinux_2_17_x86_64.manylinux2014_x86_64.whl", hash = "sha256:849a370ac4e125f55f2ad37f928e588291a67ccf91fa33d0b1e042bb3ee1f986", size = 4261725 },
    { url = "https://files.pythonhosted.org/packages/e3/ea/a1b969804250183900959ebe845d86be7fed2cbd9be58f64cd0fc24b2892/psycopg_binary-3.2.6-cp313-cp313-musllinux_1_2_aarch64.whl", hash = "sha256:566d4ace928419d91f1eb3227fc9ef7b41cf0ad22e93dd2c3368d693cf144408", size = 3850073 },
    { url = "https://files.pythonhosted.org/packages/e5/71/ec2907342f0675092b76aea74365b56f38d960c4c635984dcfe25d8178c8/psycopg_binary-3.2.6-cp313-cp313-musllinux_1_2_i686.whl", hash = "sha256:f1981f13b10de2f11cfa2f99a8738b35b3f0a0f3075861446894a8d3042430c0", size = 3320323 },
    { url = "https://files.pythonhosted.org/packages/d7/d7/0d2cb4b42f231e2efe8ea1799ce917973d47486212a2c4d33cd331e7ac28/psycopg_binary-3.2.6-cp313-cp313-musllinux_1_2_ppc64le.whl", hash = "sha256:36f598300b55b3c983ae8df06473ad27333d2fd9f3e2cfdb913b3a5aaa3a8bcf", size = 3402335 },
    { url = "https://files.pythonhosted.org/packages/66/92/7050c372f78e53eba14695cec6c3a91b2d9ca56feaf0bfe95fe90facf730/psycopg_binary-3.2.6-cp313-cp313-musllinux_1_2_x86_64.whl", hash = "sha256:0f4699fa5fe1fffb0d6b2d14b31fd8c29b7ea7375f89d5989f002aaf21728b21", size = 3440442 },
    { url = "https://files.pythonhosted.org/packages/5f/4c/bebcaf754189283b2f3d457822a3d9b233d08ff50973d8f1e8d51f4d35ed/psycopg_binary-3.2.6-cp313-cp313-win_amd64.whl", hash = "sha256:afe697b8b0071f497c5d4c0f41df9e038391534f5614f7fb3a8c1ca32d66e860", size = 2783465 },
]

[[package]]
name = "python-dateutil"
version = "2.9.0.post0"
source = { registry = "https://pypi.org/simple" }
dependencies = [
    { name = "six" },
]
sdist = { url = "https://files.pythonhosted.org/packages/66/c0/0c8b6ad9f17a802ee498c46e004a0eb49bc148f2fd230864601a86dcf6db/python-dateutil-2.9.0.post0.tar.gz", hash = "sha256:37dd54208da7e1cd875388217d5e00ebd4179249f90fb72437e91a35459a0ad3", size = 342432 }
wheels = [
    { url = "https://files.pythonhosted.org/packages/ec/57/56b9bcc3c9c6a792fcbaf139543cee77261f3651ca9da0c93f5c1221264b/python_dateutil-2.9.0.post0-py2.py3-none-any.whl", hash = "sha256:a8b2bc7bffae282281c8140a97d3aa9c14da0b136dfe83f850eea9a5f7470427", size = 229892 },
]

[[package]]
name = "pytz"
version = "2025.2"
source = { registry = "https://pypi.org/simple" }
sdist = { url = "https://files.pythonhosted.org/packages/f8/bf/abbd3cdfb8fbc7fb3d4d38d320f2441b1e7cbe29be4f23797b4a2b5d8aac/pytz-2025.2.tar.gz", hash = "sha256:360b9e3dbb49a209c21ad61809c7fb453643e048b38924c765813546746e81c3", size = 320884 }
wheels = [
    { url = "https://files.pythonhosted.org/packages/81/c4/34e93fe5f5429d7570ec1fa436f1986fb1f00c3e0f43a589fe2bbcd22c3f/pytz-2025.2-py2.py3-none-any.whl", hash = "sha256:5ddf76296dd8c44c26eb8f4b6f35488f3ccbf6fbbd7adee0b7262d43f0ec2f00", size = 509225 },
]

[[package]]
name = "requests"
version = "2.32.3"
source = { registry = "https://pypi.org/simple" }
dependencies = [
    { name = "certifi" },
    { name = "charset-normalizer" },
    { name = "idna" },
    { name = "urllib3" },
]
sdist = { url = "https://files.pythonhosted.org/packages/63/70/2bf7780ad2d390a8d301ad0b550f1581eadbd9a20f896afe06353c2a2913/requests-2.32.3.tar.gz", hash = "sha256:55365417734eb18255590a9ff9eb97e9e1da868d4ccd6402399eaf68af20a760", size = 131218 }
wheels = [
    { url = "https://files.pythonhosted.org/packages/f9/9b/335f9764261e915ed497fcdeb11df5dfd6f7bf257d4a6a2a686d80da4d54/requests-2.32.3-py3-none-any.whl", hash = "sha256:70761cfe03c773ceb22aa2f671b4757976145175cdfca038c02654d061d6dcc6", size = 64928 },
]

[[package]]
name = "six"
version = "1.17.0"
source = { registry = "https://pypi.org/simple" }
sdist = { url = "https://files.pythonhosted.org/packages/94/e7/b2c673351809dca68a0e064b6af791aa332cf192da575fd474ed7d6f16a2/six-1.17.0.tar.gz", hash = "sha256:ff70335d468e7eb6ec65b95b99d3a2836546063f63acc5171de367e834932a81", size = 34031 }
wheels = [
    { url = "https://files.pythonhosted.org/packages/b7/ce/149a00dd41f10bc29e5921b496af8b574d8413afcd5e30dfa0ed46c2cc5e/six-1.17.0-py2.py3-none-any.whl", hash = "sha256:4721f391ed90541fddacab5acf947aa0d3dc7d27b2e1e8eda2be8970586c3274", size = 11050 },
]

[[package]]
name = "tzdata"
version = "2025.2"
source = { registry = "https://pypi.org/simple" }
sdist = { url = "https://files.pythonhosted.org/packages/95/32/1a225d6164441be760d75c2c42e2780dc0873fe382da3e98a2e1e48361e5/tzdata-2025.2.tar.gz", hash = "sha256:b60a638fcc0daffadf82fe0f57e53d06bdec2f36c4df66280ae79bce6bd6f2b9", size = 196380 }
wheels = [
    { url = "https://files.pythonhosted.org/packages/5c/23/c7abc0ca0a1526a0774eca151daeb8de62ec457e77262b66b359c3c7679e/tzdata-2025.2-py2.py3-none-any.whl", hash = "sha256:1a403fada01ff9221ca8044d701868fa132215d84beb92242d9acd2147f667a8", size = 347839 },
]

[[package]]
name = "urllib3"
version = "2.4.0"
source = { registry = "https://pypi.org/simple" }
sdist = { url = "https://files.pythonhosted.org/packages/8a/78/16493d9c386d8e60e442a35feac5e00f0913c0f4b7c217c11e8ec2ff53e0/urllib3-2.4.0.tar.gz", hash = "sha256:414bc6535b787febd7567804cc015fee39daab8ad86268f1310a9250697de466", size = 390672 }
wheels = [
    { url = "https://files.pythonhosted.org/packages/6b/11/cc635220681e93a0183390e26485430ca2c7b5f9d33b15c74c2861cb8091/urllib3-2.4.0-py3-none-any.whl", hash = "sha256:4e16665048960a0900c702d4a66415956a584919c03361cac9f1df5c5dd7e813", size = 128680 },
]
